// !$*UTF8*$!
{
	archiveVersion = 1;
	classes = {
	};
	objectVersion = 46;
	objects = {

/* Begin PBXBuildFile section */
		1AC6FB1F180E996B004C840B /* libbox2d Mac.a in Frameworks */ = {isa = PBXBuildFile; fileRef = 1AC6FAFF180E9839004C840B /* libbox2d Mac.a */; };
		1AC6FB20180E996B004C840B /* libchipmunk Mac.a in Frameworks */ = {isa = PBXBuildFile; fileRef = 1AC6FAFD180E9839004C840B /* libchipmunk Mac.a */; };
		1AC6FB21180E996B004C840B /* libcocos2dx Mac.a in Frameworks */ = {isa = PBXBuildFile; fileRef = 1AC6FAF9180E9839004C840B /* libcocos2dx Mac.a */; };
		1AC6FB22180E996B004C840B /* libcocos2dx-extensions Mac.a in Frameworks */ = {isa = PBXBuildFile; fileRef = 1AC6FAFB180E9839004C840B /* libcocos2dx-extensions Mac.a */; };
		1AC6FB23180E996B004C840B /* libCocosDenshion Mac.a in Frameworks */ = {isa = PBXBuildFile; fileRef = 1AC6FB01180E9839004C840B /* libCocosDenshion Mac.a */; };
		1AC6FB2E180E99EB004C840B /* libbox2d iOS.a in Frameworks */ = {isa = PBXBuildFile; fileRef = 1AC6FB0D180E9839004C840B /* libbox2d iOS.a */; };
		1AC6FB2F180E99EB004C840B /* libchipmunk iOS.a in Frameworks */ = {isa = PBXBuildFile; fileRef = 1AC6FB0B180E9839004C840B /* libchipmunk iOS.a */; };
		1AC6FB30180E99EB004C840B /* libcocos2dx iOS.a in Frameworks */ = {isa = PBXBuildFile; fileRef = 1AC6FB07180E9839004C840B /* libcocos2dx iOS.a */; };
		1AC6FB31180E99EB004C840B /* libcocos2dx-extensions iOS.a in Frameworks */ = {isa = PBXBuildFile; fileRef = 1AC6FB09180E9839004C840B /* libcocos2dx-extensions iOS.a */; };
		1AC6FB32180E99EB004C840B /* libCocosDenshion iOS.a in Frameworks */ = {isa = PBXBuildFile; fileRef = 1AC6FB0F180E9839004C840B /* libCocosDenshion iOS.a */; };
		1D60589F0D05DD5A006BFB54 /* Foundation.framework in Frameworks */ = {isa = PBXBuildFile; fileRef = 1D30AB110D05D00D00671497 /* Foundation.framework */; };
		1DF5F4E00D08C38300B7A737 /* UIKit.framework in Frameworks */ = {isa = PBXBuildFile; fileRef = 1DF5F4DF0D08C38300B7A737 /* UIKit.framework */; };
		288765A50DF7441C002DB57D /* CoreGraphics.framework in Frameworks */ = {isa = PBXBuildFile; fileRef = 288765A40DF7441C002DB57D /* CoreGraphics.framework */; };
		503AE0F817EB97AB00D1A890 /* Icon.icns in Resources */ = {isa = PBXBuildFile; fileRef = 503AE0F617EB97AB00D1A890 /* Icon.icns */; };
		503AE10517EB98FF00D1A890 /* main.cpp in Sources */ = {isa = PBXBuildFile; fileRef = 503AE10317EB98FF00D1A890 /* main.cpp */; };
		503AE11217EB99EE00D1A890 /* libcurl.dylib in Frameworks */ = {isa = PBXBuildFile; fileRef = 503AE11117EB99EE00D1A890 /* libcurl.dylib */; };
		503AE11B17EB9C5A00D1A890 /* IOKit.framework in Frameworks */ = {isa = PBXBuildFile; fileRef = 503AE11A17EB9C5A00D1A890 /* IOKit.framework */; };
		5087E76317EB910900C73F5D /* Foundation.framework in Frameworks */ = {isa = PBXBuildFile; fileRef = 1D30AB110D05D00D00671497 /* Foundation.framework */; };
		5087E76517EB910900C73F5D /* CoreGraphics.framework in Frameworks */ = {isa = PBXBuildFile; fileRef = 288765A40DF7441C002DB57D /* CoreGraphics.framework */; };
		5087E76717EB910900C73F5D /* libz.dylib in Frameworks */ = {isa = PBXBuildFile; fileRef = BF170DB412928DE900B8313A /* libz.dylib */; };
		5087E76817EB910900C73F5D /* QuartzCore.framework in Frameworks */ = {isa = PBXBuildFile; fileRef = BF1C47EA1293683800B63C5D /* QuartzCore.framework */; };
		5087E76917EB910900C73F5D /* OpenAL.framework in Frameworks */ = {isa = PBXBuildFile; fileRef = D44C620B132DFF330009C878 /* OpenAL.framework */; };
		5087E76A17EB910900C73F5D /* AVFoundation.framework in Frameworks */ = {isa = PBXBuildFile; fileRef = D44C620D132DFF430009C878 /* AVFoundation.framework */; };
		5087E76B17EB910900C73F5D /* AudioToolbox.framework in Frameworks */ = {isa = PBXBuildFile; fileRef = D44C620F132DFF4E0009C878 /* AudioToolbox.framework */; };
		5087E78917EB974C00C73F5D /* AppKit.framework in Frameworks */ = {isa = PBXBuildFile; fileRef = 5087E78817EB974C00C73F5D /* AppKit.framework */; };
		5087E78B17EB975400C73F5D /* OpenGL.framework in Frameworks */ = {isa = PBXBuildFile; fileRef = 5087E78A17EB975400C73F5D /* OpenGL.framework */; };
		BF171245129291EC00B8313A /* OpenGLES.framework in Frameworks */ = {isa = PBXBuildFile; fileRef = BF170DB012928DE900B8313A /* OpenGLES.framework */; };
		BF1712471292920000B8313A /* libz.dylib in Frameworks */ = {isa = PBXBuildFile; fileRef = BF170DB412928DE900B8313A /* libz.dylib */; };
		BF1C47F01293687400B63C5D /* QuartzCore.framework in Frameworks */ = {isa = PBXBuildFile; fileRef = BF1C47EA1293683800B63C5D /* QuartzCore.framework */; };
		D44C620C132DFF330009C878 /* OpenAL.framework in Frameworks */ = {isa = PBXBuildFile; fileRef = D44C620B132DFF330009C878 /* OpenAL.framework */; };
		D44C620E132DFF430009C878 /* AVFoundation.framework in Frameworks */ = {isa = PBXBuildFile; fileRef = D44C620D132DFF430009C878 /* AVFoundation.framework */; };
		D44C6210132DFF4E0009C878 /* AudioToolbox.framework in Frameworks */ = {isa = PBXBuildFile; fileRef = D44C620F132DFF4E0009C878 /* AudioToolbox.framework */; };
		D6B0611B1803AB670077942B /* CoreMotion.framework in Frameworks */ = {isa = PBXBuildFile; fileRef = D6B0611A1803AB670077942B /* CoreMotion.framework */; };
		F610DBCF19CC1F0000639FCA /* 62x120 in Resources */ = {isa = PBXBuildFile; fileRef = F62392B519CC17C100C643BF /* 62x120 */; };
		F610DBD019CC1F0000639FCA /* 100_80_green.png in Resources */ = {isa = PBXBuildFile; fileRef = F62392B619CC17C100C643BF /* 100_80_green.png */; };
		F610DBD119CC1F0000639FCA /* 100_80_red.png in Resources */ = {isa = PBXBuildFile; fileRef = F62392B719CC17C100C643BF /* 100_80_red.png */; };
		F610DBD219CC1F0000639FCA /* 101x171 in Resources */ = {isa = PBXBuildFile; fileRef = F62392B819CC17C100C643BF /* 101x171 */; };
		F610DBD319CC1F0000639FCA /* BaseMap.png in Resources */ = {isa = PBXBuildFile; fileRef = F62392B919CC17C100C643BF /* BaseMap.png */; };
		F610DBD419CC1F0000639FCA /* BaseMap.tmx in Resources */ = {isa = PBXBuildFile; fileRef = F62392BA19CC17C100C643BF /* BaseMap.tmx */; };
		F610DBD519CC1F0000639FCA /* BaseMap(Initial).tmx in Resources */ = {isa = PBXBuildFile; fileRef = F62392BB19CC17C100C643BF /* BaseMap(Initial).tmx */; };
		F610DBD619CC1F0000639FCA /* Components.png in Resources */ = {isa = PBXBuildFile; fileRef = F62392BC19CC17C100C643BF /* Components.png */; };
		F610DBD719CC1F0000639FCA /* fonts in Resources */ = {isa = PBXBuildFile; fileRef = F62392BD19CC17C100C643BF /* fonts */; };
		F610DBD819CC1F0000639FCA /* hud.png in Resources */ = {isa = PBXBuildFile; fileRef = F62392BE19CC17C100C643BF /* hud.png */; };
		F610DBD919CC1F0000639FCA /* MachineGunTurret.png in Resources */ = {isa = PBXBuildFile; fileRef = F62392BF19CC17C100C643BF /* MachineGunTurret.png */; };
		F610DBDA19CC1F0000639FCA /* mark.png in Resources */ = {isa = PBXBuildFile; fileRef = F62392C019CC17C100C643BF /* mark.png */; };
		F610DBDB19CC1F0000639FCA /* mark.tsx in Resources */ = {isa = PBXBuildFile; fileRef = F62392C119CC17C100C643BF /* mark.tsx */; };
		F610DBDC19CC1F0000639FCA /* meta_tiles.png in Resources */ = {isa = PBXBuildFile; fileRef = F62392C219CC17C100C643BF /* meta_tiles.png */; };
		F610DBDD19CC1F0000639FCA /* Normal in Resources */ = {isa = PBXBuildFile; fileRef = F62392C319CC17C100C643BF /* Normal */; };
		F610DBDE19CC1F0000639FCA /* ortho-test1.png in Resources */ = {isa = PBXBuildFile; fileRef = F62392C419CC17C100C643BF /* ortho-test1.png */; };
		F610DBDF19CC1F0000639FCA /* ortho-test1P200.png in Resources */ = {isa = PBXBuildFile; fileRef = F62392C519CC17C100C643BF /* ortho-test1P200.png */; };
		F610DBE019CC1F0000639FCA /* OurMap(config).tmx in Resources */ = {isa = PBXBuildFile; fileRef = F62392C619CC17C100C643BF /* OurMap(config).tmx */; };
		F610DBE119CC1F0000639FCA /* PF Objects.png in Resources */ = {isa = PBXBuildFile; fileRef = F62392C719CC17C100C643BF /* PF Objects.png */; };
		F610DBE219CC1F0000639FCA /* PF Objects.tsx in Resources */ = {isa = PBXBuildFile; fileRef = F62392C819CC17C100C643BF /* PF Objects.tsx */; };
		F610DBE319CC1F0000639FCA /* PlanetCute in Resources */ = {isa = PBXBuildFile; fileRef = F62392C919CC17C100C643BF /* PlanetCute */; };
		F610DBE419CC1F0000639FCA /* PlanetCute PNG in Resources */ = {isa = PBXBuildFile; fileRef = F62392CA19CC17C100C643BF /* PlanetCute PNG */; };
		F610DBE519CC1F0000639FCA /* Range.png in Resources */ = {isa = PBXBuildFile; fileRef = F62392CB19CC17C100C643BF /* Range.png */; };
		F610DBE619CC1F0000639FCA /* Shaders in Resources */ = {isa = PBXBuildFile; fileRef = F62392CC19CC17C100C643BF /* Shaders */; };
		F610DBE719CC1F0000639FCA /* Small in Resources */ = {isa = PBXBuildFile; fileRef = F62392CD19CC17C100C643BF /* Small */; };
		F610DBE819CC1F0000639FCA /* terrain.png in Resources */ = {isa = PBXBuildFile; fileRef = F62392CE19CC17C100C643BF /* terrain.png */; };
		F610DBE919CC1F0000639FCA /* TestMap.tmx in Resources */ = {isa = PBXBuildFile; fileRef = F62392CF19CC17C100C643BF /* TestMap.tmx */; };
		F610DBEA19CC1F0000639FCA /* TestMap2.tmx in Resources */ = {isa = PBXBuildFile; fileRef = F62392D019CC17C100C643BF /* TestMap2.tmx */; };
		F610DBEB19CC1F0000639FCA /* TestMap3.tmx in Resources */ = {isa = PBXBuildFile; fileRef = F62392D119CC17C100C643BF /* TestMap3.tmx */; };
		F610DBEC19CC1F0000639FCA /* TestMap4.tmx in Resources */ = {isa = PBXBuildFile; fileRef = F62392D219CC17C100C643BF /* TestMap4.tmx */; };
		F610DBED19CC1F0000639FCA /* TestMap5.tmx in Resources */ = {isa = PBXBuildFile; fileRef = F62392D319CC17C100C643BF /* TestMap5.tmx */; };
		F610DBEE19CC1F0000639FCA /* TestMap6.tmx in Resources */ = {isa = PBXBuildFile; fileRef = F62392D419CC17C100C643BF /* TestMap6.tmx */; };
		F610DBEF19CC1F0000639FCA /* TestMap8.tmx in Resources */ = {isa = PBXBuildFile; fileRef = F62392D519CC17C200C643BF /* TestMap8.tmx */; };
		F610DBF019CC1F0000639FCA /* TestTileset.tsx in Resources */ = {isa = PBXBuildFile; fileRef = F62392D619CC17C200C643BF /* TestTileset.tsx */; };
		F610DBF119CC1F0000639FCA /* TileMap.tmx in Resources */ = {isa = PBXBuildFile; fileRef = F62392D719CC17C200C643BF /* TileMap.tmx */; };
		F610DBF219CC1F0000639FCA /* TileMap4.tmx in Resources */ = {isa = PBXBuildFile; fileRef = F62392D819CC17C200C643BF /* TileMap4.tmx */; };
		F610DBF319CC1F0000639FCA /* tmw_desert_spacing.png in Resources */ = {isa = PBXBuildFile; fileRef = F62392D919CC17C200C643BF /* tmw_desert_spacing.png */; };
		F610DBF419CC1F0000639FCA /* Untitled.tsx in Resources */ = {isa = PBXBuildFile; fileRef = F62392DA19CC17C200C643BF /* Untitled.tsx */; };
		F610DBF519CC1F0000639FCA /* database.sqlite3 in Resources */ = {isa = PBXBuildFile; fileRef = F6D4CE1B198A4D6D002FAE49 /* database.sqlite3 */; };
		F610DBFB19CC229F00639FCA /* AppDelegate.cpp in Sources */ = {isa = PBXBuildFile; fileRef = F623929019CC178800C643BF /* AppDelegate.cpp */; };
		F610DBFE19CC229F00639FCA /* CustomLabelMenuItem.cpp in Sources */ = {isa = PBXBuildFile; fileRef = F623929319CC178800C643BF /* CustomLabelMenuItem.cpp */; };
		F610DC0019CC229F00639FCA /* Database.cpp in Sources */ = {isa = PBXBuildFile; fileRef = F623929519CC178800C643BF /* Database.cpp */; };
		F610DC0219CC229F00639FCA /* DialogueWindow.cpp in Sources */ = {isa = PBXBuildFile; fileRef = F623929719CC178800C643BF /* DialogueWindow.cpp */; };
		F610DC0419CC229F00639FCA /* DialogueWindowConfirm.cpp in Sources */ = {isa = PBXBuildFile; fileRef = F623929919CC178800C643BF /* DialogueWindowConfirm.cpp */; };
		F610DC0919CC229F00639FCA /* Observer.cpp in Sources */ = {isa = PBXBuildFile; fileRef = F623929E19CC178800C643BF /* Observer.cpp */; };
		F610DC0B19CC229F00639FCA /* SceneManager.cpp in Sources */ = {isa = PBXBuildFile; fileRef = F62392A019CC178800C643BF /* SceneManager.cpp */; };
		F610DC0D19CC229F00639FCA /* Subject.cpp in Sources */ = {isa = PBXBuildFile; fileRef = F62392A219CC178800C643BF /* Subject.cpp */; };
		F610DC0F19CC229F00639FCA /* UtilFunc.cpp in Sources */ = {isa = PBXBuildFile; fileRef = F62392A419CC178800C643BF /* UtilFunc.cpp */; };
		F610DC1119CC229F00639FCA /* VisibleRect.cpp in Sources */ = {isa = PBXBuildFile; fileRef = F62392A619CC178800C643BF /* VisibleRect.cpp */; };
		F610DC1419CC258E00639FCA /* AppController.mm in Sources */ = {isa = PBXBuildFile; fileRef = 503AE0FB17EB989F00D1A890 /* AppController.mm */; };
		F610DC1519CC258E00639FCA /* main.m in Sources */ = {isa = PBXBuildFile; fileRef = 503AE0FC17EB989F00D1A890 /* main.m */; };
		F610DC1819CC258E00639FCA /* RootViewController.mm in Sources */ = {isa = PBXBuildFile; fileRef = 503AE0FF17EB989F00D1A890 /* RootViewController.mm */; };
		F64E166F19AEE33E005046E1 /* libpomelo.a in Frameworks */ = {isa = PBXBuildFile; fileRef = F64E166E19AEE33E005046E1 /* libpomelo.a */; };
		F64E167119AEE36A005046E1 /* libjansson.a in Frameworks */ = {isa = PBXBuildFile; fileRef = F64E167019AEE36A005046E1 /* libjansson.a */; };
		F64E167319AEE391005046E1 /* libuv.a in Frameworks */ = {isa = PBXBuildFile; fileRef = F64E167219AEE391005046E1 /* libuv.a */; };
		F696BA6019877D4100474833 /* fonts in Resources */ = {isa = PBXBuildFile; fileRef = F696BA5C19877D4100474833 /* fonts */; };
		F696BA6219877D4100474833 /* Normal in Resources */ = {isa = PBXBuildFile; fileRef = F696BA5D19877D4100474833 /* Normal */; };
		F696BA6419877D4100474833 /* Small in Resources */ = {isa = PBXBuildFile; fileRef = F696BA5E19877D4100474833 /* Small */; };
		F696BA6C1987B8F600474833 /* Shaders in Resources */ = {isa = PBXBuildFile; fileRef = F696BA6A1987B8F600474833 /* Shaders */; };
		F6AA69DE19CC30DC006DA6F9 /* BaseLayer.cpp in Sources */ = {isa = PBXBuildFile; fileRef = F6AA69D419CC30DC006DA6F9 /* BaseLayer.cpp */; };
		F6AA69DF19CC30DC006DA6F9 /* HUDLayer.cpp in Sources */ = {isa = PBXBuildFile; fileRef = F6AA69D619CC30DC006DA6F9 /* HUDLayer.cpp */; };
		F6AA69E019CC30DC006DA6F9 /* LoginTitleLayer.cpp in Sources */ = {isa = PBXBuildFile; fileRef = F6AA69D819CC30DC006DA6F9 /* LoginTitleLayer.cpp */; };
		F6AA69E119CC30DC006DA6F9 /* MapLayer.cpp in Sources */ = {isa = PBXBuildFile; fileRef = F6AA69DA19CC30DC006DA6F9 /* MapLayer.cpp */; };
		F6AA69E219CC30DC006DA6F9 /* TrademarkLayer.cpp in Sources */ = {isa = PBXBuildFile; fileRef = F6AA69DC19CC30DC006DA6F9 /* TrademarkLayer.cpp */; };
		F6AA69E719CC30EF006DA6F9 /* Building.cpp in Sources */ = {isa = PBXBuildFile; fileRef = F6AA69E319CC30EF006DA6F9 /* Building.cpp */; };
		F6AA69E819CC30EF006DA6F9 /* Tower.cpp in Sources */ = {isa = PBXBuildFile; fileRef = F6AA69E519CC30EF006DA6F9 /* Tower.cpp */; };
		F6AA69F119CC30FB006DA6F9 /* DataModel.cpp in Sources */ = {isa = PBXBuildFile; fileRef = F6AA69E919CC30FB006DA6F9 /* DataModel.cpp */; };
		F6AA69F219CC30FB006DA6F9 /* LoginTitleModel.cpp in Sources */ = {isa = PBXBuildFile; fileRef = F6AA69EB19CC30FB006DA6F9 /* LoginTitleModel.cpp */; };
		F6AA69F319CC30FB006DA6F9 /* MaterialModel.cpp in Sources */ = {isa = PBXBuildFile; fileRef = F6AA69ED19CC30FB006DA6F9 /* MaterialModel.cpp */; };
		F6AA69F419CC30FB006DA6F9 /* ResourceModel.cpp in Sources */ = {isa = PBXBuildFile; fileRef = F6AA69EF19CC30FB006DA6F9 /* ResourceModel.cpp */; };
		F6D4CE1519893407002FAE49 /* libsqlite3.0.dylib in Frameworks */ = {isa = PBXBuildFile; fileRef = F6D4CE1319893407002FAE49 /* libsqlite3.0.dylib */; };
		F6D4CE1619893407002FAE49 /* libsqlite3.dylib in Frameworks */ = {isa = PBXBuildFile; fileRef = F6D4CE1419893407002FAE49 /* libsqlite3.dylib */; };
		F6D4CE1D198A4D6D002FAE49 /* database.sqlite3 in Resources */ = {isa = PBXBuildFile; fileRef = F6D4CE1B198A4D6D002FAE49 /* database.sqlite3 */; };
/* End PBXBuildFile section */

/* Begin PBXContainerItemProxy section */
		1AC6FAF8180E9839004C840B /* PBXContainerItemProxy */ = {
			isa = PBXContainerItemProxy;
			containerPortal = 1AC6FAE5180E9839004C840B /* cocos2d_libs.xcodeproj */;
			proxyType = 2;
			remoteGlobalIDString = 1551A33F158F2AB200E66CFE;
			remoteInfo = "cocos2dx Mac";
		};
		1AC6FAFA180E9839004C840B /* PBXContainerItemProxy */ = {
			isa = PBXContainerItemProxy;
			containerPortal = 1AC6FAE5180E9839004C840B /* cocos2d_libs.xcodeproj */;
			proxyType = 2;
			remoteGlobalIDString = A03F2FD617814595006731B9;
			remoteInfo = "cocos2dx-extensions Mac";
		};
		1AC6FAFC180E9839004C840B /* PBXContainerItemProxy */ = {
			isa = PBXContainerItemProxy;
			containerPortal = 1AC6FAE5180E9839004C840B /* cocos2d_libs.xcodeproj */;
			proxyType = 2;
			remoteGlobalIDString = A03F2CB81780BD04006731B9;
			remoteInfo = "chipmunk Mac";
		};
		1AC6FAFE180E9839004C840B /* PBXContainerItemProxy */ = {
			isa = PBXContainerItemProxy;
			containerPortal = 1AC6FAE5180E9839004C840B /* cocos2d_libs.xcodeproj */;
			proxyType = 2;
			remoteGlobalIDString = A03F2D9B1780BDF7006731B9;
			remoteInfo = "box2d Mac";
		};
		1AC6FB00180E9839004C840B /* PBXContainerItemProxy */ = {
			isa = PBXContainerItemProxy;
			containerPortal = 1AC6FAE5180E9839004C840B /* cocos2d_libs.xcodeproj */;
			proxyType = 2;
			remoteGlobalIDString = A03F2ED617814268006731B9;
			remoteInfo = "CocosDenshion Mac";
		};
		1AC6FB06180E9839004C840B /* PBXContainerItemProxy */ = {
			isa = PBXContainerItemProxy;
			containerPortal = 1AC6FAE5180E9839004C840B /* cocos2d_libs.xcodeproj */;
			proxyType = 2;
			remoteGlobalIDString = A07A4D641783777C0073F6A7;
			remoteInfo = "cocos2dx iOS";
		};
		1AC6FB08180E9839004C840B /* PBXContainerItemProxy */ = {
			isa = PBXContainerItemProxy;
			containerPortal = 1AC6FAE5180E9839004C840B /* cocos2d_libs.xcodeproj */;
			proxyType = 2;
			remoteGlobalIDString = A07A4EFC1783867C0073F6A7;
			remoteInfo = "cocos2dx-extensions iOS";
		};
		1AC6FB0A180E9839004C840B /* PBXContainerItemProxy */ = {
			isa = PBXContainerItemProxy;
			containerPortal = 1AC6FAE5180E9839004C840B /* cocos2d_libs.xcodeproj */;
			proxyType = 2;
			remoteGlobalIDString = A07A4F3B178387670073F6A7;
			remoteInfo = "chipmunk iOS";
		};
		1AC6FB0C180E9839004C840B /* PBXContainerItemProxy */ = {
			isa = PBXContainerItemProxy;
			containerPortal = 1AC6FAE5180E9839004C840B /* cocos2d_libs.xcodeproj */;
			proxyType = 2;
			remoteGlobalIDString = A07A4F9E1783876B0073F6A7;
			remoteInfo = "box2d iOS";
		};
		1AC6FB0E180E9839004C840B /* PBXContainerItemProxy */ = {
			isa = PBXContainerItemProxy;
			containerPortal = 1AC6FAE5180E9839004C840B /* cocos2d_libs.xcodeproj */;
			proxyType = 2;
			remoteGlobalIDString = A07A4FB4178387730073F6A7;
			remoteInfo = "CocosDenshion iOS";
		};
		1AC6FB15180E9959004C840B /* PBXContainerItemProxy */ = {
			isa = PBXContainerItemProxy;
			containerPortal = 1AC6FAE5180E9839004C840B /* cocos2d_libs.xcodeproj */;
			proxyType = 1;
			remoteGlobalIDString = 1551A33E158F2AB200E66CFE;
			remoteInfo = "cocos2dx Mac";
		};
		1AC6FB17180E9959004C840B /* PBXContainerItemProxy */ = {
			isa = PBXContainerItemProxy;
			containerPortal = 1AC6FAE5180E9839004C840B /* cocos2d_libs.xcodeproj */;
			proxyType = 1;
			remoteGlobalIDString = A03F2FC117814595006731B9;
			remoteInfo = "cocos2dx-extensions Mac";
		};
		1AC6FB19180E9959004C840B /* PBXContainerItemProxy */ = {
			isa = PBXContainerItemProxy;
			containerPortal = 1AC6FAE5180E9839004C840B /* cocos2d_libs.xcodeproj */;
			proxyType = 1;
			remoteGlobalIDString = A03F2B781780BD04006731B9;
			remoteInfo = "chipmunk Mac";
		};
		1AC6FB1B180E9959004C840B /* PBXContainerItemProxy */ = {
			isa = PBXContainerItemProxy;
			containerPortal = 1AC6FAE5180E9839004C840B /* cocos2d_libs.xcodeproj */;
			proxyType = 1;
			remoteGlobalIDString = A03F2E9817814268006731B9;
			remoteInfo = "CocosDenshion Mac";
		};
		1AC6FB1D180E9963004C840B /* PBXContainerItemProxy */ = {
			isa = PBXContainerItemProxy;
			containerPortal = 1AC6FAE5180E9839004C840B /* cocos2d_libs.xcodeproj */;
			proxyType = 1;
			remoteGlobalIDString = A03F2D5D1780BDF7006731B9;
			remoteInfo = "box2d Mac";
		};
		1AC6FB24180E99E1004C840B /* PBXContainerItemProxy */ = {
			isa = PBXContainerItemProxy;
			containerPortal = 1AC6FAE5180E9839004C840B /* cocos2d_libs.xcodeproj */;
			proxyType = 1;
			remoteGlobalIDString = A07A4C241783777C0073F6A7;
			remoteInfo = "cocos2dx iOS";
		};
		1AC6FB26180E99E1004C840B /* PBXContainerItemProxy */ = {
			isa = PBXContainerItemProxy;
			containerPortal = 1AC6FAE5180E9839004C840B /* cocos2d_libs.xcodeproj */;
			proxyType = 1;
			remoteGlobalIDString = A07A4E111783867C0073F6A7;
			remoteInfo = "cocos2dx-extensions iOS";
		};
		1AC6FB28180E99E1004C840B /* PBXContainerItemProxy */ = {
			isa = PBXContainerItemProxy;
			containerPortal = 1AC6FAE5180E9839004C840B /* cocos2d_libs.xcodeproj */;
			proxyType = 1;
			remoteGlobalIDString = A07A4EFD178387670073F6A7;
			remoteInfo = "chipmunk iOS";
		};
		1AC6FB2A180E99E1004C840B /* PBXContainerItemProxy */ = {
			isa = PBXContainerItemProxy;
			containerPortal = 1AC6FAE5180E9839004C840B /* cocos2d_libs.xcodeproj */;
			proxyType = 1;
			remoteGlobalIDString = A07A4F3C1783876B0073F6A7;
			remoteInfo = "box2d iOS";
		};
		1AC6FB2C180E99E1004C840B /* PBXContainerItemProxy */ = {
			isa = PBXContainerItemProxy;
			containerPortal = 1AC6FAE5180E9839004C840B /* cocos2d_libs.xcodeproj */;
			proxyType = 1;
			remoteGlobalIDString = A07A4F9F178387730073F6A7;
			remoteInfo = "CocosDenshion iOS";
		};
/* End PBXContainerItemProxy section */

/* Begin PBXFileReference section */
		1AC6FAE5180E9839004C840B /* cocos2d_libs.xcodeproj */ = {isa = PBXFileReference; lastKnownFileType = "wrapper.pb-project"; name = cocos2d_libs.xcodeproj; path = ../cocos2d/build/cocos2d_libs.xcodeproj; sourceTree = "<group>"; };
		1ACB3243164770DE00914215 /* libcurl.a */ = {isa = PBXFileReference; lastKnownFileType = archive.ar; name = libcurl.a; path = ../../cocos2dx/platform/third_party/ios/libraries/libcurl.a; sourceTree = "<group>"; };
		1D30AB110D05D00D00671497 /* Foundation.framework */ = {isa = PBXFileReference; lastKnownFileType = wrapper.framework; name = Foundation.framework; path = System/Library/Frameworks/Foundation.framework; sourceTree = SDKROOT; };
		1D6058910D05DD3D006BFB54 /* Parallelformosa_Cocos2dx iOS.app */ = {isa = PBXFileReference; explicitFileType = wrapper.application; includeInIndex = 0; path = "Parallelformosa_Cocos2dx iOS.app"; sourceTree = BUILT_PRODUCTS_DIR; };
		1DF5F4DF0D08C38300B7A737 /* UIKit.framework */ = {isa = PBXFileReference; lastKnownFileType = wrapper.framework; name = UIKit.framework; path = System/Library/Frameworks/UIKit.framework; sourceTree = SDKROOT; };
		288765A40DF7441C002DB57D /* CoreGraphics.framework */ = {isa = PBXFileReference; lastKnownFileType = wrapper.framework; name = CoreGraphics.framework; path = System/Library/Frameworks/CoreGraphics.framework; sourceTree = SDKROOT; };
		503AE0F617EB97AB00D1A890 /* Icon.icns */ = {isa = PBXFileReference; lastKnownFileType = image.icns; path = Icon.icns; sourceTree = "<group>"; };
		503AE0F717EB97AB00D1A890 /* Info.plist */ = {isa = PBXFileReference; fileEncoding = 4; lastKnownFileType = text.plist.xml; path = Info.plist; sourceTree = "<group>"; };
		503AE0FA17EB989F00D1A890 /* AppController.h */ = {isa = PBXFileReference; fileEncoding = 4; lastKnownFileType = sourcecode.c.h; name = AppController.h; path = ios/AppController.h; sourceTree = SOURCE_ROOT; };
		503AE0FB17EB989F00D1A890 /* AppController.mm */ = {isa = PBXFileReference; fileEncoding = 4; lastKnownFileType = sourcecode.cpp.objcpp; name = AppController.mm; path = ios/AppController.mm; sourceTree = SOURCE_ROOT; };
		503AE0FC17EB989F00D1A890 /* main.m */ = {isa = PBXFileReference; fileEncoding = 4; lastKnownFileType = sourcecode.c.objc; name = main.m; path = ios/main.m; sourceTree = SOURCE_ROOT; };
		503AE0FD17EB989F00D1A890 /* Prefix.pch */ = {isa = PBXFileReference; fileEncoding = 4; lastKnownFileType = sourcecode.c.h; name = Prefix.pch; path = ios/Prefix.pch; sourceTree = SOURCE_ROOT; };
		503AE0FE17EB989F00D1A890 /* RootViewController.h */ = {isa = PBXFileReference; fileEncoding = 4; lastKnownFileType = sourcecode.c.h; name = RootViewController.h; path = ios/RootViewController.h; sourceTree = SOURCE_ROOT; };
		503AE0FF17EB989F00D1A890 /* RootViewController.mm */ = {isa = PBXFileReference; fileEncoding = 4; lastKnownFileType = sourcecode.cpp.objcpp; name = RootViewController.mm; path = ios/RootViewController.mm; sourceTree = SOURCE_ROOT; };
		503AE10317EB98FF00D1A890 /* main.cpp */ = {isa = PBXFileReference; fileEncoding = 4; lastKnownFileType = sourcecode.cpp.cpp; name = main.cpp; path = mac/main.cpp; sourceTree = "<group>"; };
		503AE10417EB98FF00D1A890 /* Prefix.pch */ = {isa = PBXFileReference; fileEncoding = 4; lastKnownFileType = sourcecode.c.h; name = Prefix.pch; path = mac/Prefix.pch; sourceTree = "<group>"; };
		503AE11117EB99EE00D1A890 /* libcurl.dylib */ = {isa = PBXFileReference; lastKnownFileType = "compiled.mach-o.dylib"; name = libcurl.dylib; path = usr/lib/libcurl.dylib; sourceTree = SDKROOT; };
		503AE11A17EB9C5A00D1A890 /* IOKit.framework */ = {isa = PBXFileReference; lastKnownFileType = wrapper.framework; name = IOKit.framework; path = System/Library/Frameworks/IOKit.framework; sourceTree = SDKROOT; };
		5087E76F17EB910900C73F5D /* Parallelformosa_Cocos2dx Mac.app */ = {isa = PBXFileReference; explicitFileType = wrapper.application; includeInIndex = 0; path = "Parallelformosa_Cocos2dx Mac.app"; sourceTree = BUILT_PRODUCTS_DIR; };
		5087E77217EB970100C73F5D /* Default-568h@2x.png */ = {isa = PBXFileReference; lastKnownFileType = image.png; path = "Default-568h@2x.png"; sourceTree = "<group>"; };
		5087E77317EB970100C73F5D /* Default.png */ = {isa = PBXFileReference; lastKnownFileType = image.png; path = Default.png; sourceTree = "<group>"; };
		5087E77417EB970100C73F5D /* Default@2x.png */ = {isa = PBXFileReference; lastKnownFileType = image.png; path = "Default@2x.png"; sourceTree = "<group>"; };
		5087E77517EB970100C73F5D /* Icon-114.png */ = {isa = PBXFileReference; lastKnownFileType = image.png; path = "Icon-114.png"; sourceTree = "<group>"; };
		5087E77617EB970100C73F5D /* Icon-120.png */ = {isa = PBXFileReference; lastKnownFileType = image.png; path = "Icon-120.png"; sourceTree = "<group>"; };
		5087E77717EB970100C73F5D /* Icon-144.png */ = {isa = PBXFileReference; lastKnownFileType = image.png; path = "Icon-144.png"; sourceTree = "<group>"; };
		5087E77817EB970100C73F5D /* Icon-152.png */ = {isa = PBXFileReference; lastKnownFileType = image.png; path = "Icon-152.png"; sourceTree = "<group>"; };
		5087E77917EB970100C73F5D /* Icon-57.png */ = {isa = PBXFileReference; lastKnownFileType = image.png; path = "Icon-57.png"; sourceTree = "<group>"; };
		5087E77A17EB970100C73F5D /* Icon-72.png */ = {isa = PBXFileReference; lastKnownFileType = image.png; path = "Icon-72.png"; sourceTree = "<group>"; };
		5087E77B17EB970100C73F5D /* Icon-76.png */ = {isa = PBXFileReference; lastKnownFileType = image.png; path = "Icon-76.png"; sourceTree = "<group>"; };
		5087E77C17EB970100C73F5D /* Info.plist */ = {isa = PBXFileReference; fileEncoding = 4; lastKnownFileType = text.plist.xml; path = Info.plist; sourceTree = "<group>"; };
		5087E78817EB974C00C73F5D /* AppKit.framework */ = {isa = PBXFileReference; lastKnownFileType = wrapper.framework; name = AppKit.framework; path = System/Library/Frameworks/AppKit.framework; sourceTree = SDKROOT; };
		5087E78A17EB975400C73F5D /* OpenGL.framework */ = {isa = PBXFileReference; lastKnownFileType = wrapper.framework; name = OpenGL.framework; path = System/Library/Frameworks/OpenGL.framework; sourceTree = SDKROOT; };
		50EF629217ECD46A001EB2F8 /* Icon-40.png */ = {isa = PBXFileReference; lastKnownFileType = image.png; path = "Icon-40.png"; sourceTree = "<group>"; };
		50EF629317ECD46A001EB2F8 /* Icon-58.png */ = {isa = PBXFileReference; lastKnownFileType = image.png; path = "Icon-58.png"; sourceTree = "<group>"; };
		50EF629417ECD46A001EB2F8 /* Icon-80.png */ = {isa = PBXFileReference; lastKnownFileType = image.png; path = "Icon-80.png"; sourceTree = "<group>"; };
		50EF629517ECD46A001EB2F8 /* Icon-100.png */ = {isa = PBXFileReference; lastKnownFileType = image.png; path = "Icon-100.png"; sourceTree = "<group>"; };
		50EF62A017ECD613001EB2F8 /* Icon-29.png */ = {isa = PBXFileReference; lastKnownFileType = image.png; path = "Icon-29.png"; sourceTree = "<group>"; };
		50EF62A117ECD613001EB2F8 /* Icon-50.png */ = {isa = PBXFileReference; lastKnownFileType = image.png; path = "Icon-50.png"; sourceTree = "<group>"; };
		BF170DB012928DE900B8313A /* OpenGLES.framework */ = {isa = PBXFileReference; lastKnownFileType = wrapper.framework; name = OpenGLES.framework; path = System/Library/Frameworks/OpenGLES.framework; sourceTree = SDKROOT; };
		BF170DB412928DE900B8313A /* libz.dylib */ = {isa = PBXFileReference; lastKnownFileType = "compiled.mach-o.dylib"; name = libz.dylib; path = usr/lib/libz.dylib; sourceTree = SDKROOT; };
		BF1C47EA1293683800B63C5D /* QuartzCore.framework */ = {isa = PBXFileReference; lastKnownFileType = wrapper.framework; name = QuartzCore.framework; path = System/Library/Frameworks/QuartzCore.framework; sourceTree = SDKROOT; };
		D44C620B132DFF330009C878 /* OpenAL.framework */ = {isa = PBXFileReference; lastKnownFileType = wrapper.framework; name = OpenAL.framework; path = System/Library/Frameworks/OpenAL.framework; sourceTree = SDKROOT; };
		D44C620D132DFF430009C878 /* AVFoundation.framework */ = {isa = PBXFileReference; lastKnownFileType = wrapper.framework; name = AVFoundation.framework; path = System/Library/Frameworks/AVFoundation.framework; sourceTree = SDKROOT; };
		D44C620F132DFF4E0009C878 /* AudioToolbox.framework */ = {isa = PBXFileReference; lastKnownFileType = wrapper.framework; name = AudioToolbox.framework; path = System/Library/Frameworks/AudioToolbox.framework; sourceTree = SDKROOT; };
		D6B0611A1803AB670077942B /* CoreMotion.framework */ = {isa = PBXFileReference; lastKnownFileType = wrapper.framework; name = CoreMotion.framework; path = Platforms/iPhoneOS.platform/Developer/SDKs/iPhoneOS7.0.sdk/System/Library/Frameworks/CoreMotion.framework; sourceTree = DEVELOPER_DIR; };
		F623929019CC178800C643BF /* AppDelegate.cpp */ = {isa = PBXFileReference; fileEncoding = 4; lastKnownFileType = sourcecode.cpp.cpp; name = AppDelegate.cpp; path = ../Classes/AppDelegate.cpp; sourceTree = "<group>"; };
		F623929119CC178800C643BF /* AppDelegate.h */ = {isa = PBXFileReference; fileEncoding = 4; lastKnownFileType = sourcecode.c.h; name = AppDelegate.h; path = ../Classes/AppDelegate.h; sourceTree = "<group>"; };
		F623929219CC178800C643BF /* AppMacro.h */ = {isa = PBXFileReference; fileEncoding = 4; lastKnownFileType = sourcecode.c.h; name = AppMacro.h; path = ../Classes/AppMacro.h; sourceTree = "<group>"; };
		F623929319CC178800C643BF /* CustomLabelMenuItem.cpp */ = {isa = PBXFileReference; fileEncoding = 4; lastKnownFileType = sourcecode.cpp.cpp; name = CustomLabelMenuItem.cpp; path = ../Classes/CustomLabelMenuItem.cpp; sourceTree = "<group>"; };
		F623929419CC178800C643BF /* CustomLabelMenuItem.h */ = {isa = PBXFileReference; fileEncoding = 4; lastKnownFileType = sourcecode.c.h; name = CustomLabelMenuItem.h; path = ../Classes/CustomLabelMenuItem.h; sourceTree = "<group>"; };
		F623929519CC178800C643BF /* Database.cpp */ = {isa = PBXFileReference; fileEncoding = 4; lastKnownFileType = sourcecode.cpp.cpp; name = Database.cpp; path = ../Classes/Database.cpp; sourceTree = "<group>"; };
		F623929619CC178800C643BF /* Database.h */ = {isa = PBXFileReference; fileEncoding = 4; lastKnownFileType = sourcecode.c.h; name = Database.h; path = ../Classes/Database.h; sourceTree = "<group>"; };
		F623929719CC178800C643BF /* DialogueWindow.cpp */ = {isa = PBXFileReference; fileEncoding = 4; lastKnownFileType = sourcecode.cpp.cpp; name = DialogueWindow.cpp; path = ../Classes/DialogueWindow.cpp; sourceTree = "<group>"; };
		F623929819CC178800C643BF /* DialogueWindow.h */ = {isa = PBXFileReference; fileEncoding = 4; lastKnownFileType = sourcecode.c.h; name = DialogueWindow.h; path = ../Classes/DialogueWindow.h; sourceTree = "<group>"; };
		F623929919CC178800C643BF /* DialogueWindowConfirm.cpp */ = {isa = PBXFileReference; fileEncoding = 4; lastKnownFileType = sourcecode.cpp.cpp; name = DialogueWindowConfirm.cpp; path = ../Classes/DialogueWindowConfirm.cpp; sourceTree = "<group>"; };
		F623929A19CC178800C643BF /* DialogueWindowConfirm.h */ = {isa = PBXFileReference; fileEncoding = 4; lastKnownFileType = sourcecode.c.h; name = DialogueWindowConfirm.h; path = ../Classes/DialogueWindowConfirm.h; sourceTree = "<group>"; };
		F623929E19CC178800C643BF /* Observer.cpp */ = {isa = PBXFileReference; fileEncoding = 4; lastKnownFileType = sourcecode.cpp.cpp; name = Observer.cpp; path = ../Classes/Observer.cpp; sourceTree = "<group>"; };
		F623929F19CC178800C643BF /* Observer.h */ = {isa = PBXFileReference; fileEncoding = 4; lastKnownFileType = sourcecode.c.h; name = Observer.h; path = ../Classes/Observer.h; sourceTree = "<group>"; };
		F62392A019CC178800C643BF /* SceneManager.cpp */ = {isa = PBXFileReference; fileEncoding = 4; lastKnownFileType = sourcecode.cpp.cpp; name = SceneManager.cpp; path = ../Classes/SceneManager.cpp; sourceTree = "<group>"; };
		F62392A119CC178800C643BF /* SceneManager.h */ = {isa = PBXFileReference; fileEncoding = 4; lastKnownFileType = sourcecode.c.h; name = SceneManager.h; path = ../Classes/SceneManager.h; sourceTree = "<group>"; };
		F62392A219CC178800C643BF /* Subject.cpp */ = {isa = PBXFileReference; fileEncoding = 4; lastKnownFileType = sourcecode.cpp.cpp; name = Subject.cpp; path = ../Classes/Subject.cpp; sourceTree = "<group>"; };
		F62392A319CC178800C643BF /* Subject.h */ = {isa = PBXFileReference; fileEncoding = 4; lastKnownFileType = sourcecode.c.h; name = Subject.h; path = ../Classes/Subject.h; sourceTree = "<group>"; };
		F62392A419CC178800C643BF /* UtilFunc.cpp */ = {isa = PBXFileReference; fileEncoding = 4; lastKnownFileType = sourcecode.cpp.cpp; name = UtilFunc.cpp; path = ../Classes/UtilFunc.cpp; sourceTree = "<group>"; };
		F62392A519CC178800C643BF /* UtilFunc.h */ = {isa = PBXFileReference; fileEncoding = 4; lastKnownFileType = sourcecode.c.h; name = UtilFunc.h; path = ../Classes/UtilFunc.h; sourceTree = "<group>"; };
		F62392A619CC178800C643BF /* VisibleRect.cpp */ = {isa = PBXFileReference; fileEncoding = 4; lastKnownFileType = sourcecode.cpp.cpp; name = VisibleRect.cpp; path = ../Classes/VisibleRect.cpp; sourceTree = "<group>"; };
		F62392A719CC178800C643BF /* VisibleRect.h */ = {isa = PBXFileReference; fileEncoding = 4; lastKnownFileType = sourcecode.c.h; name = VisibleRect.h; path = ../Classes/VisibleRect.h; sourceTree = "<group>"; };
		F62392B519CC17C100C643BF /* 62x120 */ = {isa = PBXFileReference; lastKnownFileType = folder; path = 62x120; sourceTree = "<group>"; };
		F62392B619CC17C100C643BF /* 100_80_green.png */ = {isa = PBXFileReference; lastKnownFileType = image.png; path = 100_80_green.png; sourceTree = "<group>"; };
		F62392B719CC17C100C643BF /* 100_80_red.png */ = {isa = PBXFileReference; lastKnownFileType = image.png; path = 100_80_red.png; sourceTree = "<group>"; };
		F62392B819CC17C100C643BF /* 101x171 */ = {isa = PBXFileReference; lastKnownFileType = folder; path = 101x171; sourceTree = "<group>"; };
		F62392B919CC17C100C643BF /* BaseMap.png */ = {isa = PBXFileReference; lastKnownFileType = image.png; path = BaseMap.png; sourceTree = "<group>"; };
		F62392BA19CC17C100C643BF /* BaseMap.tmx */ = {isa = PBXFileReference; fileEncoding = 4; lastKnownFileType = text.xml; path = BaseMap.tmx; sourceTree = "<group>"; };
		F62392BB19CC17C100C643BF /* BaseMap(Initial).tmx */ = {isa = PBXFileReference; fileEncoding = 4; lastKnownFileType = text.xml; path = "BaseMap(Initial).tmx"; sourceTree = "<group>"; };
		F62392BC19CC17C100C643BF /* Components.png */ = {isa = PBXFileReference; lastKnownFileType = image.png; path = Components.png; sourceTree = "<group>"; };
		F62392BD19CC17C100C643BF /* fonts */ = {isa = PBXFileReference; lastKnownFileType = folder; path = fonts; sourceTree = "<group>"; };
		F62392BE19CC17C100C643BF /* hud.png */ = {isa = PBXFileReference; lastKnownFileType = image.png; path = hud.png; sourceTree = "<group>"; };
		F62392BF19CC17C100C643BF /* MachineGunTurret.png */ = {isa = PBXFileReference; lastKnownFileType = image.png; path = MachineGunTurret.png; sourceTree = "<group>"; };
		F62392C019CC17C100C643BF /* mark.png */ = {isa = PBXFileReference; lastKnownFileType = image.png; path = mark.png; sourceTree = "<group>"; };
		F62392C119CC17C100C643BF /* mark.tsx */ = {isa = PBXFileReference; fileEncoding = 4; lastKnownFileType = text.xml; path = mark.tsx; sourceTree = "<group>"; };
		F62392C219CC17C100C643BF /* meta_tiles.png */ = {isa = PBXFileReference; lastKnownFileType = image.png; path = meta_tiles.png; sourceTree = "<group>"; };
		F62392C319CC17C100C643BF /* Normal */ = {isa = PBXFileReference; lastKnownFileType = folder; path = Normal; sourceTree = "<group>"; };
		F62392C419CC17C100C643BF /* ortho-test1.png */ = {isa = PBXFileReference; lastKnownFileType = image.png; path = "ortho-test1.png"; sourceTree = "<group>"; };
		F62392C519CC17C100C643BF /* ortho-test1P200.png */ = {isa = PBXFileReference; lastKnownFileType = image.png; path = "ortho-test1P200.png"; sourceTree = "<group>"; };
		F62392C619CC17C100C643BF /* OurMap(config).tmx */ = {isa = PBXFileReference; fileEncoding = 4; lastKnownFileType = text.xml; path = "OurMap(config).tmx"; sourceTree = "<group>"; };
		F62392C719CC17C100C643BF /* PF Objects.png */ = {isa = PBXFileReference; lastKnownFileType = image.png; path = "PF Objects.png"; sourceTree = "<group>"; };
		F62392C819CC17C100C643BF /* PF Objects.tsx */ = {isa = PBXFileReference; fileEncoding = 4; lastKnownFileType = text.xml; path = "PF Objects.tsx"; sourceTree = "<group>"; };
		F62392C919CC17C100C643BF /* PlanetCute */ = {isa = PBXFileReference; lastKnownFileType = folder; path = PlanetCute; sourceTree = "<group>"; };
		F62392CA19CC17C100C643BF /* PlanetCute PNG */ = {isa = PBXFileReference; lastKnownFileType = folder; path = "PlanetCute PNG"; sourceTree = "<group>"; };
		F62392CB19CC17C100C643BF /* Range.png */ = {isa = PBXFileReference; lastKnownFileType = image.png; path = Range.png; sourceTree = "<group>"; };
		F62392CC19CC17C100C643BF /* Shaders */ = {isa = PBXFileReference; lastKnownFileType = folder; path = Shaders; sourceTree = "<group>"; };
		F62392CD19CC17C100C643BF /* Small */ = {isa = PBXFileReference; lastKnownFileType = folder; path = Small; sourceTree = "<group>"; };
		F62392CE19CC17C100C643BF /* terrain.png */ = {isa = PBXFileReference; lastKnownFileType = image.png; path = terrain.png; sourceTree = "<group>"; };
		F62392CF19CC17C100C643BF /* TestMap.tmx */ = {isa = PBXFileReference; fileEncoding = 4; lastKnownFileType = text.xml; path = TestMap.tmx; sourceTree = "<group>"; };
		F62392D019CC17C100C643BF /* TestMap2.tmx */ = {isa = PBXFileReference; fileEncoding = 4; lastKnownFileType = text.xml; path = TestMap2.tmx; sourceTree = "<group>"; };
		F62392D119CC17C100C643BF /* TestMap3.tmx */ = {isa = PBXFileReference; fileEncoding = 4; lastKnownFileType = text.xml; path = TestMap3.tmx; sourceTree = "<group>"; };
		F62392D219CC17C100C643BF /* TestMap4.tmx */ = {isa = PBXFileReference; fileEncoding = 4; lastKnownFileType = text.xml; path = TestMap4.tmx; sourceTree = "<group>"; };
		F62392D319CC17C100C643BF /* TestMap5.tmx */ = {isa = PBXFileReference; fileEncoding = 4; lastKnownFileType = text.xml; path = TestMap5.tmx; sourceTree = "<group>"; };
		F62392D419CC17C100C643BF /* TestMap6.tmx */ = {isa = PBXFileReference; fileEncoding = 4; lastKnownFileType = text.xml; path = TestMap6.tmx; sourceTree = "<group>"; };
		F62392D519CC17C200C643BF /* TestMap8.tmx */ = {isa = PBXFileReference; fileEncoding = 4; lastKnownFileType = text.xml; path = TestMap8.tmx; sourceTree = "<group>"; };
		F62392D619CC17C200C643BF /* TestTileset.tsx */ = {isa = PBXFileReference; fileEncoding = 4; lastKnownFileType = text.xml; path = TestTileset.tsx; sourceTree = "<group>"; };
		F62392D719CC17C200C643BF /* TileMap.tmx */ = {isa = PBXFileReference; fileEncoding = 4; lastKnownFileType = text.xml; path = TileMap.tmx; sourceTree = "<group>"; };
		F62392D819CC17C200C643BF /* TileMap4.tmx */ = {isa = PBXFileReference; fileEncoding = 4; lastKnownFileType = text.xml; path = TileMap4.tmx; sourceTree = "<group>"; };
		F62392D919CC17C200C643BF /* tmw_desert_spacing.png */ = {isa = PBXFileReference; lastKnownFileType = image.png; path = tmw_desert_spacing.png; sourceTree = "<group>"; };
		F62392DA19CC17C200C643BF /* Untitled.tsx */ = {isa = PBXFileReference; fileEncoding = 4; lastKnownFileType = text.xml; path = Untitled.tsx; sourceTree = "<group>"; };
		F64E166E19AEE33E005046E1 /* libpomelo.a */ = {isa = PBXFileReference; lastKnownFileType = archive.ar; name = libpomelo.a; path = "../libpomelo/build/Default-iphoneos/libpomelo.a"; sourceTree = "<group>"; };
		F64E167019AEE36A005046E1 /* libjansson.a */ = {isa = PBXFileReference; lastKnownFileType = archive.ar; name = libjansson.a; path = "../libpomelo/deps/jansson/build/Default-iphoneos/libjansson.a"; sourceTree = "<group>"; };
		F64E167219AEE391005046E1 /* libuv.a */ = {isa = PBXFileReference; lastKnownFileType = archive.ar; name = libuv.a; path = "../libpomelo/deps/uv/build/Default-iphoneos/libuv.a"; sourceTree = "<group>"; };
		F696BA5C19877D4100474833 /* fonts */ = {isa = PBXFileReference; lastKnownFileType = folder; path = fonts; sourceTree = "<group>"; };
		F696BA5D19877D4100474833 /* Normal */ = {isa = PBXFileReference; lastKnownFileType = folder; path = Normal; sourceTree = "<group>"; };
		F696BA5E19877D4100474833 /* Small */ = {isa = PBXFileReference; lastKnownFileType = folder; path = Small; sourceTree = "<group>"; };
		F696BA6A1987B8F600474833 /* Shaders */ = {isa = PBXFileReference; lastKnownFileType = folder; path = Shaders; sourceTree = "<group>"; };
		F698765E199E549C00D89FC9 /* libpomelo.a */ = {isa = PBXFileReference; lastKnownFileType = archive.ar; name = libpomelo.a; path = "../../libpomelo/build/Default-iphoneos/libpomelo.a"; sourceTree = "<group>"; };
		F6987660199E54B300D89FC9 /* libjansson.a */ = {isa = PBXFileReference; lastKnownFileType = archive.ar; name = libjansson.a; path = "../../libpomelo/deps/jansson/build/Default-iphoneos/libjansson.a"; sourceTree = "<group>"; };
		F6987662199E54D200D89FC9 /* libuv.a */ = {isa = PBXFileReference; lastKnownFileType = archive.ar; name = libuv.a; path = "../../libpomelo/deps/uv/build/Default-iphoneos/libuv.a"; sourceTree = "<group>"; };
		F6AA69D419CC30DC006DA6F9 /* BaseLayer.cpp */ = {isa = PBXFileReference; fileEncoding = 4; lastKnownFileType = sourcecode.cpp.cpp; name = BaseLayer.cpp; path = ../Classes/GameLayer/BaseLayer.cpp; sourceTree = "<group>"; };
		F6AA69D519CC30DC006DA6F9 /* BaseLayer.h */ = {isa = PBXFileReference; fileEncoding = 4; lastKnownFileType = sourcecode.c.h; name = BaseLayer.h; path = ../Classes/GameLayer/BaseLayer.h; sourceTree = "<group>"; };
		F6AA69D619CC30DC006DA6F9 /* HUDLayer.cpp */ = {isa = PBXFileReference; fileEncoding = 4; lastKnownFileType = sourcecode.cpp.cpp; name = HUDLayer.cpp; path = ../Classes/GameLayer/HUDLayer.cpp; sourceTree = "<group>"; };
		F6AA69D719CC30DC006DA6F9 /* HUDLayer.h */ = {isa = PBXFileReference; fileEncoding = 4; lastKnownFileType = sourcecode.c.h; name = HUDLayer.h; path = ../Classes/GameLayer/HUDLayer.h; sourceTree = "<group>"; };
		F6AA69D819CC30DC006DA6F9 /* LoginTitleLayer.cpp */ = {isa = PBXFileReference; fileEncoding = 4; lastKnownFileType = sourcecode.cpp.cpp; name = LoginTitleLayer.cpp; path = ../Classes/GameLayer/LoginTitleLayer.cpp; sourceTree = "<group>"; };
		F6AA69D919CC30DC006DA6F9 /* LoginTitleLayer.h */ = {isa = PBXFileReference; fileEncoding = 4; lastKnownFileType = sourcecode.c.h; name = LoginTitleLayer.h; path = ../Classes/GameLayer/LoginTitleLayer.h; sourceTree = "<group>"; };
		F6AA69DA19CC30DC006DA6F9 /* MapLayer.cpp */ = {isa = PBXFileReference; fileEncoding = 4; lastKnownFileType = sourcecode.cpp.cpp; name = MapLayer.cpp; path = ../Classes/GameLayer/MapLayer.cpp; sourceTree = "<group>"; };
		F6AA69DB19CC30DC006DA6F9 /* MapLayer.h */ = {isa = PBXFileReference; fileEncoding = 4; lastKnownFileType = sourcecode.c.h; name = MapLayer.h; path = ../Classes/GameLayer/MapLayer.h; sourceTree = "<group>"; };
		F6AA69DC19CC30DC006DA6F9 /* TrademarkLayer.cpp */ = {isa = PBXFileReference; fileEncoding = 4; lastKnownFileType = sourcecode.cpp.cpp; name = TrademarkLayer.cpp; path = ../Classes/GameLayer/TrademarkLayer.cpp; sourceTree = "<group>"; };
		F6AA69DD19CC30DC006DA6F9 /* TrademarkLayer.h */ = {isa = PBXFileReference; fileEncoding = 4; lastKnownFileType = sourcecode.c.h; name = TrademarkLayer.h; path = ../Classes/GameLayer/TrademarkLayer.h; sourceTree = "<group>"; };
		F6AA69E319CC30EF006DA6F9 /* Building.cpp */ = {isa = PBXFileReference; fileEncoding = 4; lastKnownFileType = sourcecode.cpp.cpp; name = Building.cpp; path = ../Classes/Map/Building.cpp; sourceTree = "<group>"; };
		F6AA69E419CC30EF006DA6F9 /* Building.h */ = {isa = PBXFileReference; fileEncoding = 4; lastKnownFileType = sourcecode.c.h; name = Building.h; path = ../Classes/Map/Building.h; sourceTree = "<group>"; };
		F6AA69E519CC30EF006DA6F9 /* Tower.cpp */ = {isa = PBXFileReference; fileEncoding = 4; lastKnownFileType = sourcecode.cpp.cpp; name = Tower.cpp; path = ../Classes/Map/Tower.cpp; sourceTree = "<group>"; };
		F6AA69E619CC30EF006DA6F9 /* Tower.h */ = {isa = PBXFileReference; fileEncoding = 4; lastKnownFileType = sourcecode.c.h; name = Tower.h; path = ../Classes/Map/Tower.h; sourceTree = "<group>"; };
		F6AA69E919CC30FB006DA6F9 /* DataModel.cpp */ = {isa = PBXFileReference; fileEncoding = 4; lastKnownFileType = sourcecode.cpp.cpp; name = DataModel.cpp; path = ../Classes/Model/DataModel.cpp; sourceTree = "<group>"; };
		F6AA69EA19CC30FB006DA6F9 /* DataModel.h */ = {isa = PBXFileReference; fileEncoding = 4; lastKnownFileType = sourcecode.c.h; name = DataModel.h; path = ../Classes/Model/DataModel.h; sourceTree = "<group>"; };
		F6AA69EB19CC30FB006DA6F9 /* LoginTitleModel.cpp */ = {isa = PBXFileReference; fileEncoding = 4; lastKnownFileType = sourcecode.cpp.cpp; name = LoginTitleModel.cpp; path = ../Classes/Model/LoginTitleModel.cpp; sourceTree = "<group>"; };
		F6AA69EC19CC30FB006DA6F9 /* LoginTitleModel.h */ = {isa = PBXFileReference; fileEncoding = 4; lastKnownFileType = sourcecode.c.h; name = LoginTitleModel.h; path = ../Classes/Model/LoginTitleModel.h; sourceTree = "<group>"; };
		F6AA69ED19CC30FB006DA6F9 /* MaterialModel.cpp */ = {isa = PBXFileReference; fileEncoding = 4; lastKnownFileType = sourcecode.cpp.cpp; name = MaterialModel.cpp; path = ../Classes/Model/MaterialModel.cpp; sourceTree = "<group>"; };
		F6AA69EE19CC30FB006DA6F9 /* MaterialModel.h */ = {isa = PBXFileReference; fileEncoding = 4; lastKnownFileType = sourcecode.c.h; name = MaterialModel.h; path = ../Classes/Model/MaterialModel.h; sourceTree = "<group>"; };
		F6AA69EF19CC30FB006DA6F9 /* ResourceModel.cpp */ = {isa = PBXFileReference; fileEncoding = 4; lastKnownFileType = sourcecode.cpp.cpp; name = ResourceModel.cpp; path = ../Classes/Model/ResourceModel.cpp; sourceTree = "<group>"; };
		F6AA69F019CC30FB006DA6F9 /* ResourceModel.h */ = {isa = PBXFileReference; fileEncoding = 4; lastKnownFileType = sourcecode.c.h; name = ResourceModel.h; path = ../Classes/Model/ResourceModel.h; sourceTree = "<group>"; };
		F6B133F019AA4C77002981C6 /* README.md */ = {isa = PBXFileReference; fileEncoding = 4; lastKnownFileType = text; name = README.md; path = ../README.md; sourceTree = "<group>"; };
		F6D4CE0F19893327002FAE49 /* sqlite3.dll */ = {isa = PBXFileReference; lastKnownFileType = file; name = sqlite3.dll; path = ../cocos2d/external/sqlite3/libraries/win32/sqlite3.dll; sourceTree = "<group>"; };
		F6D4CE1019893327002FAE49 /* sqlite3.lib */ = {isa = PBXFileReference; lastKnownFileType = archive.ar; name = sqlite3.lib; path = ../cocos2d/external/sqlite3/libraries/win32/sqlite3.lib; sourceTree = "<group>"; };
		F6D4CE1319893407002FAE49 /* libsqlite3.0.dylib */ = {isa = PBXFileReference; lastKnownFileType = "compiled.mach-o.dylib"; name = libsqlite3.0.dylib; path = Platforms/iPhoneOS.platform/Developer/SDKs/iPhoneOS7.1.sdk/usr/lib/libsqlite3.0.dylib; sourceTree = DEVELOPER_DIR; };
		F6D4CE1419893407002FAE49 /* libsqlite3.dylib */ = {isa = PBXFileReference; lastKnownFileType = "compiled.mach-o.dylib"; name = libsqlite3.dylib; path = Platforms/iPhoneOS.platform/Developer/SDKs/iPhoneOS7.1.sdk/usr/lib/libsqlite3.dylib; sourceTree = DEVELOPER_DIR; };
		F6D4CE1B198A4D6D002FAE49 /* database.sqlite3 */ = {isa = PBXFileReference; lastKnownFileType = file; path = database.sqlite3; sourceTree = "<group>"; };
		F6F6C05E19812F2B006578B0 /* libjansson.a */ = {isa = PBXFileReference; lastKnownFileType = archive.ar; name = libjansson.a; path = ../../libpomelo/libjansson.a; sourceTree = "<group>"; };
		F6F6C05F19812F2B006578B0 /* libpomelo.a */ = {isa = PBXFileReference; lastKnownFileType = archive.ar; name = libpomelo.a; path = ../../libpomelo/libpomelo.a; sourceTree = "<group>"; };
		F6F6C06019812F2B006578B0 /* libuv.a */ = {isa = PBXFileReference; lastKnownFileType = archive.ar; name = libuv.a; path = ../../libpomelo/libuv.a; sourceTree = "<group>"; };
/* End PBXFileReference section */

/* Begin PBXFrameworksBuildPhase section */
		1D60588F0D05DD3D006BFB54 /* Frameworks */ = {
			isa = PBXFrameworksBuildPhase;
			buildActionMask = 2147483647;
			files = (
				F64E167319AEE391005046E1 /* libuv.a in Frameworks */,
				F64E167119AEE36A005046E1 /* libjansson.a in Frameworks */,
				F64E166F19AEE33E005046E1 /* libpomelo.a in Frameworks */,
				F6D4CE1519893407002FAE49 /* libsqlite3.0.dylib in Frameworks */,
				F6D4CE1619893407002FAE49 /* libsqlite3.dylib in Frameworks */,
				1AC6FB2E180E99EB004C840B /* libbox2d iOS.a in Frameworks */,
				1AC6FB2F180E99EB004C840B /* libchipmunk iOS.a in Frameworks */,
				1AC6FB30180E99EB004C840B /* libcocos2dx iOS.a in Frameworks */,
				1AC6FB31180E99EB004C840B /* libcocos2dx-extensions iOS.a in Frameworks */,
				1AC6FB32180E99EB004C840B /* libCocosDenshion iOS.a in Frameworks */,
				D6B0611B1803AB670077942B /* CoreMotion.framework in Frameworks */,
				1D60589F0D05DD5A006BFB54 /* Foundation.framework in Frameworks */,
				1DF5F4E00D08C38300B7A737 /* UIKit.framework in Frameworks */,
				288765A50DF7441C002DB57D /* CoreGraphics.framework in Frameworks */,
				BF171245129291EC00B8313A /* OpenGLES.framework in Frameworks */,
				BF1712471292920000B8313A /* libz.dylib in Frameworks */,
				BF1C47F01293687400B63C5D /* QuartzCore.framework in Frameworks */,
				D44C620C132DFF330009C878 /* OpenAL.framework in Frameworks */,
				D44C620E132DFF430009C878 /* AVFoundation.framework in Frameworks */,
				D44C6210132DFF4E0009C878 /* AudioToolbox.framework in Frameworks */,
			);
			runOnlyForDeploymentPostprocessing = 0;
		};
		5087E75C17EB910900C73F5D /* Frameworks */ = {
			isa = PBXFrameworksBuildPhase;
			buildActionMask = 2147483647;
			files = (
				1AC6FB1F180E996B004C840B /* libbox2d Mac.a in Frameworks */,
				1AC6FB20180E996B004C840B /* libchipmunk Mac.a in Frameworks */,
				1AC6FB21180E996B004C840B /* libcocos2dx Mac.a in Frameworks */,
				1AC6FB22180E996B004C840B /* libcocos2dx-extensions Mac.a in Frameworks */,
				1AC6FB23180E996B004C840B /* libCocosDenshion Mac.a in Frameworks */,
				503AE11217EB99EE00D1A890 /* libcurl.dylib in Frameworks */,
				5087E76717EB910900C73F5D /* libz.dylib in Frameworks */,
				503AE11B17EB9C5A00D1A890 /* IOKit.framework in Frameworks */,
				5087E78B17EB975400C73F5D /* OpenGL.framework in Frameworks */,
				5087E78917EB974C00C73F5D /* AppKit.framework in Frameworks */,
				5087E76317EB910900C73F5D /* Foundation.framework in Frameworks */,
				5087E76517EB910900C73F5D /* CoreGraphics.framework in Frameworks */,
				5087E76817EB910900C73F5D /* QuartzCore.framework in Frameworks */,
				5087E76917EB910900C73F5D /* OpenAL.framework in Frameworks */,
				5087E76A17EB910900C73F5D /* AVFoundation.framework in Frameworks */,
				5087E76B17EB910900C73F5D /* AudioToolbox.framework in Frameworks */,
			);
			runOnlyForDeploymentPostprocessing = 0;
		};
/* End PBXFrameworksBuildPhase section */

/* Begin PBXGroup section */
		080E96DDFE201D6D7F000001 /* ios */ = {
			isa = PBXGroup;
			children = (
				5087E77117EB970100C73F5D /* Icons */,
				503AE0FA17EB989F00D1A890 /* AppController.h */,
				503AE0FB17EB989F00D1A890 /* AppController.mm */,
				503AE0FC17EB989F00D1A890 /* main.m */,
				503AE0FD17EB989F00D1A890 /* Prefix.pch */,
				503AE0FE17EB989F00D1A890 /* RootViewController.h */,
				503AE0FF17EB989F00D1A890 /* RootViewController.mm */,
			);
			name = ios;
			path = Classes;
			sourceTree = "<group>";
		};
		15AA9C4015B7EC450033D6C2 /* Classes */ = {
			isa = PBXGroup;
			children = (
				F6AA69E919CC30FB006DA6F9 /* DataModel.cpp */,
				F6AA69EA19CC30FB006DA6F9 /* DataModel.h */,
				F6AA69EB19CC30FB006DA6F9 /* LoginTitleModel.cpp */,
				F6AA69EC19CC30FB006DA6F9 /* LoginTitleModel.h */,
				F6AA69ED19CC30FB006DA6F9 /* MaterialModel.cpp */,
				F6AA69EE19CC30FB006DA6F9 /* MaterialModel.h */,
				F6AA69EF19CC30FB006DA6F9 /* ResourceModel.cpp */,
				F6AA69F019CC30FB006DA6F9 /* ResourceModel.h */,
				F6AA69E319CC30EF006DA6F9 /* Building.cpp */,
				F6AA69E419CC30EF006DA6F9 /* Building.h */,
				F6AA69E519CC30EF006DA6F9 /* Tower.cpp */,
				F6AA69E619CC30EF006DA6F9 /* Tower.h */,
				F6AA69D419CC30DC006DA6F9 /* BaseLayer.cpp */,
				F6AA69D519CC30DC006DA6F9 /* BaseLayer.h */,
				F6AA69D619CC30DC006DA6F9 /* HUDLayer.cpp */,
				F6AA69D719CC30DC006DA6F9 /* HUDLayer.h */,
				F6AA69D819CC30DC006DA6F9 /* LoginTitleLayer.cpp */,
				F6AA69D919CC30DC006DA6F9 /* LoginTitleLayer.h */,
				F6AA69DA19CC30DC006DA6F9 /* MapLayer.cpp */,
				F6AA69DB19CC30DC006DA6F9 /* MapLayer.h */,
				F6AA69DC19CC30DC006DA6F9 /* TrademarkLayer.cpp */,
				F6AA69DD19CC30DC006DA6F9 /* TrademarkLayer.h */,
				F623929019CC178800C643BF /* AppDelegate.cpp */,
				F623929119CC178800C643BF /* AppDelegate.h */,
				F623929219CC178800C643BF /* AppMacro.h */,
				F623929319CC178800C643BF /* CustomLabelMenuItem.cpp */,
				F623929419CC178800C643BF /* CustomLabelMenuItem.h */,
				F623929519CC178800C643BF /* Database.cpp */,
				F623929619CC178800C643BF /* Database.h */,
				F623929719CC178800C643BF /* DialogueWindow.cpp */,
				F623929819CC178800C643BF /* DialogueWindow.h */,
				F623929919CC178800C643BF /* DialogueWindowConfirm.cpp */,
				F623929A19CC178800C643BF /* DialogueWindowConfirm.h */,
				F623929E19CC178800C643BF /* Observer.cpp */,
				F623929F19CC178800C643BF /* Observer.h */,
				F62392A019CC178800C643BF /* SceneManager.cpp */,
				F62392A119CC178800C643BF /* SceneManager.h */,
				F62392A219CC178800C643BF /* Subject.cpp */,
				F62392A319CC178800C643BF /* Subject.h */,
				F62392A419CC178800C643BF /* UtilFunc.cpp */,
				F62392A519CC178800C643BF /* UtilFunc.h */,
				F62392A619CC178800C643BF /* VisibleRect.cpp */,
				F62392A719CC178800C643BF /* VisibleRect.h */,
			);
			name = Classes;
			path = ../classes;
			sourceTree = "<group>";
		};
		19C28FACFE9D520D11CA2CBB /* Products */ = {
			isa = PBXGroup;
			children = (
				1D6058910D05DD3D006BFB54 /* Parallelformosa_Cocos2dx iOS.app */,
				5087E76F17EB910900C73F5D /* Parallelformosa_Cocos2dx Mac.app */,
			);
			name = Products;
			sourceTree = "<group>";
		};
		1AC6FAE6180E9839004C840B /* Products */ = {
			isa = PBXGroup;
			children = (
				1AC6FAF9180E9839004C840B /* libcocos2dx Mac.a */,
				1AC6FAFB180E9839004C840B /* libcocos2dx-extensions Mac.a */,
				1AC6FAFD180E9839004C840B /* libchipmunk Mac.a */,
				1AC6FAFF180E9839004C840B /* libbox2d Mac.a */,
				1AC6FB01180E9839004C840B /* libCocosDenshion Mac.a */,
				1AC6FB07180E9839004C840B /* libcocos2dx iOS.a */,
				1AC6FB09180E9839004C840B /* libcocos2dx-extensions iOS.a */,
				1AC6FB0B180E9839004C840B /* libchipmunk iOS.a */,
				1AC6FB0D180E9839004C840B /* libbox2d iOS.a */,
				1AC6FB0F180E9839004C840B /* libCocosDenshion iOS.a */,
			);
			name = Products;
			sourceTree = "<group>";
		};
		29B97314FDCFA39411CA2CEA /* CustomTemplate */ = {
			isa = PBXGroup;
			children = (
				F6B133F019AA4C77002981C6 /* README.md */,
				1AC6FAE5180E9839004C840B /* cocos2d_libs.xcodeproj */,
				15AA9C4015B7EC450033D6C2 /* Classes */,
				29B97323FDCFA39411CA2CEA /* Frameworks */,
				080E96DDFE201D6D7F000001 /* ios */,
				503AE10617EB990700D1A890 /* mac */,
				19C28FACFE9D520D11CA2CBB /* Products */,
				78C7DDAA14EBA5050085D0C2 /* Resources */,
			);
			name = CustomTemplate;
			sourceTree = "<group>";
		};
		29B97323FDCFA39411CA2CEA /* Frameworks */ = {
			isa = PBXGroup;
			children = (
				F64E167219AEE391005046E1 /* libuv.a */,
				F64E167019AEE36A005046E1 /* libjansson.a */,
				F64E166E19AEE33E005046E1 /* libpomelo.a */,
				F6987662199E54D200D89FC9 /* libuv.a */,
				F6987660199E54B300D89FC9 /* libjansson.a */,
				F698765E199E549C00D89FC9 /* libpomelo.a */,
				F6D4CE1319893407002FAE49 /* libsqlite3.0.dylib */,
				F6D4CE1419893407002FAE49 /* libsqlite3.dylib */,
				F6D4CE0F19893327002FAE49 /* sqlite3.dll */,
				F6D4CE1019893327002FAE49 /* sqlite3.lib */,
				F6F6C05E19812F2B006578B0 /* libjansson.a */,
				F6F6C05F19812F2B006578B0 /* libpomelo.a */,
				F6F6C06019812F2B006578B0 /* libuv.a */,
				D6B0611A1803AB670077942B /* CoreMotion.framework */,
				503AE11A17EB9C5A00D1A890 /* IOKit.framework */,
				503AE11117EB99EE00D1A890 /* libcurl.dylib */,
				5087E78A17EB975400C73F5D /* OpenGL.framework */,
				5087E78817EB974C00C73F5D /* AppKit.framework */,
				1ACB3243164770DE00914215 /* libcurl.a */,
				BF170DB412928DE900B8313A /* libz.dylib */,
				D44C620F132DFF4E0009C878 /* AudioToolbox.framework */,
				D44C620D132DFF430009C878 /* AVFoundation.framework */,
				288765A40DF7441C002DB57D /* CoreGraphics.framework */,
				1D30AB110D05D00D00671497 /* Foundation.framework */,
				D44C620B132DFF330009C878 /* OpenAL.framework */,
				BF170DB012928DE900B8313A /* OpenGLES.framework */,
				BF1C47EA1293683800B63C5D /* QuartzCore.framework */,
				1DF5F4DF0D08C38300B7A737 /* UIKit.framework */,
			);
			name = Frameworks;
			sourceTree = "<group>";
		};
		503AE0F517EB97AB00D1A890 /* Icons */ = {
			isa = PBXGroup;
			children = (
				503AE0F617EB97AB00D1A890 /* Icon.icns */,
				503AE0F717EB97AB00D1A890 /* Info.plist */,
			);
			name = Icons;
			path = mac;
			sourceTree = SOURCE_ROOT;
		};
		503AE10617EB990700D1A890 /* mac */ = {
			isa = PBXGroup;
			children = (
				503AE0F517EB97AB00D1A890 /* Icons */,
				503AE10317EB98FF00D1A890 /* main.cpp */,
				503AE10417EB98FF00D1A890 /* Prefix.pch */,
			);
			name = mac;
			sourceTree = "<group>";
		};
		5087E77117EB970100C73F5D /* Icons */ = {
			isa = PBXGroup;
			children = (
				5087E77217EB970100C73F5D /* Default-568h@2x.png */,
				5087E77317EB970100C73F5D /* Default.png */,
				5087E77417EB970100C73F5D /* Default@2x.png */,
				50EF62A017ECD613001EB2F8 /* Icon-29.png */,
				50EF62A117ECD613001EB2F8 /* Icon-50.png */,
				50EF629217ECD46A001EB2F8 /* Icon-40.png */,
				50EF629317ECD46A001EB2F8 /* Icon-58.png */,
				50EF629417ECD46A001EB2F8 /* Icon-80.png */,
				50EF629517ECD46A001EB2F8 /* Icon-100.png */,
				5087E77517EB970100C73F5D /* Icon-114.png */,
				5087E77617EB970100C73F5D /* Icon-120.png */,
				5087E77717EB970100C73F5D /* Icon-144.png */,
				5087E77817EB970100C73F5D /* Icon-152.png */,
				5087E77917EB970100C73F5D /* Icon-57.png */,
				5087E77A17EB970100C73F5D /* Icon-72.png */,
				5087E77B17EB970100C73F5D /* Icon-76.png */,
				5087E77C17EB970100C73F5D /* Info.plist */,
			);
			name = Icons;
			path = ios;
			sourceTree = SOURCE_ROOT;
		};
		78C7DDAA14EBA5050085D0C2 /* Resources */ = {
			isa = PBXGroup;
			children = (
				F62392B519CC17C100C643BF /* 62x120 */,
				F62392B619CC17C100C643BF /* 100_80_green.png */,
				F62392B719CC17C100C643BF /* 100_80_red.png */,
				F62392B819CC17C100C643BF /* 101x171 */,
				F62392B919CC17C100C643BF /* BaseMap.png */,
				F62392BA19CC17C100C643BF /* BaseMap.tmx */,
				F62392BB19CC17C100C643BF /* BaseMap(Initial).tmx */,
				F62392BC19CC17C100C643BF /* Components.png */,
				F62392BD19CC17C100C643BF /* fonts */,
				F62392BE19CC17C100C643BF /* hud.png */,
				F62392BF19CC17C100C643BF /* MachineGunTurret.png */,
				F62392C019CC17C100C643BF /* mark.png */,
				F62392C119CC17C100C643BF /* mark.tsx */,
				F62392C219CC17C100C643BF /* meta_tiles.png */,
				F62392C319CC17C100C643BF /* Normal */,
				F62392C419CC17C100C643BF /* ortho-test1.png */,
				F62392C519CC17C100C643BF /* ortho-test1P200.png */,
				F62392C619CC17C100C643BF /* OurMap(config).tmx */,
				F62392C719CC17C100C643BF /* PF Objects.png */,
				F62392C819CC17C100C643BF /* PF Objects.tsx */,
				F62392C919CC17C100C643BF /* PlanetCute */,
				F62392CA19CC17C100C643BF /* PlanetCute PNG */,
				F62392CB19CC17C100C643BF /* Range.png */,
				F62392CC19CC17C100C643BF /* Shaders */,
				F62392CD19CC17C100C643BF /* Small */,
				F62392CE19CC17C100C643BF /* terrain.png */,
				F62392CF19CC17C100C643BF /* TestMap.tmx */,
				F62392D019CC17C100C643BF /* TestMap2.tmx */,
				F62392D119CC17C100C643BF /* TestMap3.tmx */,
				F62392D219CC17C100C643BF /* TestMap4.tmx */,
				F62392D319CC17C100C643BF /* TestMap5.tmx */,
				F62392D419CC17C100C643BF /* TestMap6.tmx */,
				F62392D519CC17C200C643BF /* TestMap8.tmx */,
				F62392D619CC17C200C643BF /* TestTileset.tsx */,
				F62392D719CC17C200C643BF /* TileMap.tmx */,
				F62392D819CC17C200C643BF /* TileMap4.tmx */,
				F62392D919CC17C200C643BF /* tmw_desert_spacing.png */,
				F62392DA19CC17C200C643BF /* Untitled.tsx */,
				F6D4CE1B198A4D6D002FAE49 /* database.sqlite3 */,
				F696BA6A1987B8F600474833 /* Shaders */,
				F696BA5C19877D4100474833 /* fonts */,
				F696BA5D19877D4100474833 /* Normal */,
				F696BA5E19877D4100474833 /* Small */,
			);
			name = Resources;
			path = ../Resources;
			sourceTree = "<group>";
		};
/* End PBXGroup section */

/* Begin PBXNativeTarget section */
		1D6058900D05DD3D006BFB54 /* Parallelformosa_Cocos2dx iOS */ = {
			isa = PBXNativeTarget;
			buildConfigurationList = 1D6058960D05DD3E006BFB54 /* Build configuration list for PBXNativeTarget "Parallelformosa_Cocos2dx iOS" */;
			buildPhases = (
				1D60588F0D05DD3D006BFB54 /* Frameworks */,
				F610DBCE19CC1EE200639FCA /* Resources */,
				F610DBFA19CC229200639FCA /* Sources */,
			);
			buildRules = (
			);
			dependencies = (
				1AC6FB25180E99E1004C840B /* PBXTargetDependency */,
				1AC6FB27180E99E1004C840B /* PBXTargetDependency */,
				1AC6FB29180E99E1004C840B /* PBXTargetDependency */,
				1AC6FB2B180E99E1004C840B /* PBXTargetDependency */,
				1AC6FB2D180E99E1004C840B /* PBXTargetDependency */,
			);
			name = "Parallelformosa_Cocos2dx iOS";
			productName = iphone;
			productReference = 1D6058910D05DD3D006BFB54 /* Parallelformosa_Cocos2dx iOS.app */;
			productType = "com.apple.product-type.application";
		};
		5087E73D17EB910900C73F5D /* Parallelformosa_Cocos2dx Mac */ = {
			isa = PBXNativeTarget;
			buildConfigurationList = 5087E76C17EB910900C73F5D /* Build configuration list for PBXNativeTarget "Parallelformosa_Cocos2dx Mac" */;
			buildPhases = (
				5087E74817EB910900C73F5D /* Resources */,
				5087E75617EB910900C73F5D /* Sources */,
				5087E75C17EB910900C73F5D /* Frameworks */,
			);
			buildRules = (
			);
			dependencies = (
				1AC6FB1E180E9963004C840B /* PBXTargetDependency */,
				1AC6FB16180E9959004C840B /* PBXTargetDependency */,
				1AC6FB18180E9959004C840B /* PBXTargetDependency */,
				1AC6FB1A180E9959004C840B /* PBXTargetDependency */,
				1AC6FB1C180E9959004C840B /* PBXTargetDependency */,
			);
			name = "Parallelformosa_Cocos2dx Mac";
			productName = iphone;
			productReference = 5087E76F17EB910900C73F5D /* Parallelformosa_Cocos2dx Mac.app */;
			productType = "com.apple.product-type.application";
		};
/* End PBXNativeTarget section */

/* Begin PBXProject section */
		29B97313FDCFA39411CA2CEA /* Project object */ = {
			isa = PBXProject;
			attributes = {
				LastUpgradeCheck = 0500;
				TargetAttributes = {
					1D6058900D05DD3D006BFB54 = {
						DevelopmentTeam = 43W9W2675J;
					};
				};
			};
			buildConfigurationList = C01FCF4E08A954540054247B /* Build configuration list for PBXProject "Parallelformosa_Cocos2dx" */;
			compatibilityVersion = "Xcode 3.2";
			developmentRegion = English;
			hasScannedForEncodings = 1;
			knownRegions = (
				English,
				Japanese,
				French,
				German,
			);
			mainGroup = 29B97314FDCFA39411CA2CEA /* CustomTemplate */;
			projectDirPath = "";
			projectReferences = (
				{
					ProductGroup = 1AC6FAE6180E9839004C840B /* Products */;
					ProjectRef = 1AC6FAE5180E9839004C840B /* cocos2d_libs.xcodeproj */;
				},
			);
			projectRoot = "";
			targets = (
				1D6058900D05DD3D006BFB54 /* Parallelformosa_Cocos2dx iOS */,
				5087E73D17EB910900C73F5D /* Parallelformosa_Cocos2dx Mac */,
			);
		};
/* End PBXProject section */

/* Begin PBXReferenceProxy section */
		1AC6FAF9180E9839004C840B /* libcocos2dx Mac.a */ = {
			isa = PBXReferenceProxy;
			fileType = archive.ar;
			path = "libcocos2dx Mac.a";
			remoteRef = 1AC6FAF8180E9839004C840B /* PBXContainerItemProxy */;
			sourceTree = BUILT_PRODUCTS_DIR;
		};
		1AC6FAFB180E9839004C840B /* libcocos2dx-extensions Mac.a */ = {
			isa = PBXReferenceProxy;
			fileType = archive.ar;
			path = "libcocos2dx-extensions Mac.a";
			remoteRef = 1AC6FAFA180E9839004C840B /* PBXContainerItemProxy */;
			sourceTree = BUILT_PRODUCTS_DIR;
		};
		1AC6FAFD180E9839004C840B /* libchipmunk Mac.a */ = {
			isa = PBXReferenceProxy;
			fileType = archive.ar;
			path = "libchipmunk Mac.a";
			remoteRef = 1AC6FAFC180E9839004C840B /* PBXContainerItemProxy */;
			sourceTree = BUILT_PRODUCTS_DIR;
		};
		1AC6FAFF180E9839004C840B /* libbox2d Mac.a */ = {
			isa = PBXReferenceProxy;
			fileType = archive.ar;
			path = "libbox2d Mac.a";
			remoteRef = 1AC6FAFE180E9839004C840B /* PBXContainerItemProxy */;
			sourceTree = BUILT_PRODUCTS_DIR;
		};
		1AC6FB01180E9839004C840B /* libCocosDenshion Mac.a */ = {
			isa = PBXReferenceProxy;
			fileType = archive.ar;
			path = "libCocosDenshion Mac.a";
			remoteRef = 1AC6FB00180E9839004C840B /* PBXContainerItemProxy */;
			sourceTree = BUILT_PRODUCTS_DIR;
		};
		1AC6FB07180E9839004C840B /* libcocos2dx iOS.a */ = {
			isa = PBXReferenceProxy;
			fileType = archive.ar;
			path = "libcocos2dx iOS.a";
			remoteRef = 1AC6FB06180E9839004C840B /* PBXContainerItemProxy */;
			sourceTree = BUILT_PRODUCTS_DIR;
		};
		1AC6FB09180E9839004C840B /* libcocos2dx-extensions iOS.a */ = {
			isa = PBXReferenceProxy;
			fileType = archive.ar;
			path = "libcocos2dx-extensions iOS.a";
			remoteRef = 1AC6FB08180E9839004C840B /* PBXContainerItemProxy */;
			sourceTree = BUILT_PRODUCTS_DIR;
		};
		1AC6FB0B180E9839004C840B /* libchipmunk iOS.a */ = {
			isa = PBXReferenceProxy;
			fileType = archive.ar;
			path = "libchipmunk iOS.a";
			remoteRef = 1AC6FB0A180E9839004C840B /* PBXContainerItemProxy */;
			sourceTree = BUILT_PRODUCTS_DIR;
		};
		1AC6FB0D180E9839004C840B /* libbox2d iOS.a */ = {
			isa = PBXReferenceProxy;
			fileType = archive.ar;
			path = "libbox2d iOS.a";
			remoteRef = 1AC6FB0C180E9839004C840B /* PBXContainerItemProxy */;
			sourceTree = BUILT_PRODUCTS_DIR;
		};
		1AC6FB0F180E9839004C840B /* libCocosDenshion iOS.a */ = {
			isa = PBXReferenceProxy;
			fileType = archive.ar;
			path = "libCocosDenshion iOS.a";
			remoteRef = 1AC6FB0E180E9839004C840B /* PBXContainerItemProxy */;
			sourceTree = BUILT_PRODUCTS_DIR;
		};
/* End PBXReferenceProxy section */

/* Begin PBXResourcesBuildPhase section */
		5087E74817EB910900C73F5D /* Resources */ = {
			isa = PBXResourcesBuildPhase;
			buildActionMask = 2147483647;
			files = (
				F696BA6419877D4100474833 /* Small in Resources */,
				F696BA6C1987B8F600474833 /* Shaders in Resources */,
				F6D4CE1D198A4D6D002FAE49 /* database.sqlite3 in Resources */,
				F696BA6019877D4100474833 /* fonts in Resources */,
				503AE0F817EB97AB00D1A890 /* Icon.icns in Resources */,
				F696BA6219877D4100474833 /* Normal in Resources */,
			);
			runOnlyForDeploymentPostprocessing = 0;
		};
		F610DBCE19CC1EE200639FCA /* Resources */ = {
			isa = PBXResourcesBuildPhase;
			buildActionMask = 2147483647;
			files = (
				F610DBCF19CC1F0000639FCA /* 62x120 in Resources */,
				F610DBD019CC1F0000639FCA /* 100_80_green.png in Resources */,
				F610DBD119CC1F0000639FCA /* 100_80_red.png in Resources */,
				F610DBD219CC1F0000639FCA /* 101x171 in Resources */,
				F610DBD319CC1F0000639FCA /* BaseMap.png in Resources */,
				F610DBD419CC1F0000639FCA /* BaseMap.tmx in Resources */,
				F610DBD519CC1F0000639FCA /* BaseMap(Initial).tmx in Resources */,
				F610DBD619CC1F0000639FCA /* Components.png in Resources */,
				F610DBD719CC1F0000639FCA /* fonts in Resources */,
				F610DBD819CC1F0000639FCA /* hud.png in Resources */,
				F610DBD919CC1F0000639FCA /* MachineGunTurret.png in Resources */,
				F610DBDA19CC1F0000639FCA /* mark.png in Resources */,
				F610DBDB19CC1F0000639FCA /* mark.tsx in Resources */,
				F610DBDC19CC1F0000639FCA /* meta_tiles.png in Resources */,
				F610DBDD19CC1F0000639FCA /* Normal in Resources */,
				F610DBDE19CC1F0000639FCA /* ortho-test1.png in Resources */,
				F610DBDF19CC1F0000639FCA /* ortho-test1P200.png in Resources */,
				F610DBE019CC1F0000639FCA /* OurMap(config).tmx in Resources */,
				F610DBE119CC1F0000639FCA /* PF Objects.png in Resources */,
				F610DBE219CC1F0000639FCA /* PF Objects.tsx in Resources */,
				F610DBE319CC1F0000639FCA /* PlanetCute in Resources */,
				F610DBE419CC1F0000639FCA /* PlanetCute PNG in Resources */,
				F610DBE519CC1F0000639FCA /* Range.png in Resources */,
				F610DBE619CC1F0000639FCA /* Shaders in Resources */,
				F610DBE719CC1F0000639FCA /* Small in Resources */,
				F610DBE819CC1F0000639FCA /* terrain.png in Resources */,
				F610DBE919CC1F0000639FCA /* TestMap.tmx in Resources */,
				F610DBEA19CC1F0000639FCA /* TestMap2.tmx in Resources */,
				F610DBEB19CC1F0000639FCA /* TestMap3.tmx in Resources */,
				F610DBEC19CC1F0000639FCA /* TestMap4.tmx in Resources */,
				F610DBED19CC1F0000639FCA /* TestMap5.tmx in Resources */,
				F610DBEE19CC1F0000639FCA /* TestMap6.tmx in Resources */,
				F610DBEF19CC1F0000639FCA /* TestMap8.tmx in Resources */,
				F610DBF019CC1F0000639FCA /* TestTileset.tsx in Resources */,
				F610DBF119CC1F0000639FCA /* TileMap.tmx in Resources */,
				F610DBF219CC1F0000639FCA /* TileMap4.tmx in Resources */,
				F610DBF319CC1F0000639FCA /* tmw_desert_spacing.png in Resources */,
				F610DBF419CC1F0000639FCA /* Untitled.tsx in Resources */,
				F610DBF519CC1F0000639FCA /* database.sqlite3 in Resources */,
			);
			runOnlyForDeploymentPostprocessing = 0;
		};
/* End PBXResourcesBuildPhase section */

/* Begin PBXSourcesBuildPhase section */
		5087E75617EB910900C73F5D /* Sources */ = {
			isa = PBXSourcesBuildPhase;
			buildActionMask = 2147483647;
			files = (
				503AE10517EB98FF00D1A890 /* main.cpp in Sources */,
			);
			runOnlyForDeploymentPostprocessing = 0;
		};
		F610DBFA19CC229200639FCA /* Sources */ = {
			isa = PBXSourcesBuildPhase;
			buildActionMask = 2147483647;
			files = (
				F6AA69F219CC30FB006DA6F9 /* LoginTitleModel.cpp in Sources */,
				F610DC1419CC258E00639FCA /* AppController.mm in Sources */,
				F610DC1519CC258E00639FCA /* main.m in Sources */,
				F6AA69F319CC30FB006DA6F9 /* MaterialModel.cpp in Sources */,
				F6AA69DF19CC30DC006DA6F9 /* HUDLayer.cpp in Sources */,
				F6AA69E819CC30EF006DA6F9 /* Tower.cpp in Sources */,
				F610DC1819CC258E00639FCA /* RootViewController.mm in Sources */,
				F610DBFB19CC229F00639FCA /* AppDelegate.cpp in Sources */,
				F610DBFE19CC229F00639FCA /* CustomLabelMenuItem.cpp in Sources */,
				F610DC0019CC229F00639FCA /* Database.cpp in Sources */,
				F6AA69E719CC30EF006DA6F9 /* Building.cpp in Sources */,
				F6AA69F119CC30FB006DA6F9 /* DataModel.cpp in Sources */,
				F610DC0219CC229F00639FCA /* DialogueWindow.cpp in Sources */,
				F610DC0419CC229F00639FCA /* DialogueWindowConfirm.cpp in Sources */,
				F6AA69E219CC30DC006DA6F9 /* TrademarkLayer.cpp in Sources */,
				F610DC0919CC229F00639FCA /* Observer.cpp in Sources */,
				F610DC0B19CC229F00639FCA /* SceneManager.cpp in Sources */,
				F6AA69DE19CC30DC006DA6F9 /* BaseLayer.cpp in Sources */,
				F6AA69E019CC30DC006DA6F9 /* LoginTitleLayer.cpp in Sources */,
				F6AA69F419CC30FB006DA6F9 /* ResourceModel.cpp in Sources */,
				F610DC0D19CC229F00639FCA /* Subject.cpp in Sources */,
				F6AA69E119CC30DC006DA6F9 /* MapLayer.cpp in Sources */,
				F610DC0F19CC229F00639FCA /* UtilFunc.cpp in Sources */,
				F610DC1119CC229F00639FCA /* VisibleRect.cpp in Sources */,
			);
			runOnlyForDeploymentPostprocessing = 0;
		};
/* End PBXSourcesBuildPhase section */

/* Begin PBXTargetDependency section */
		1AC6FB16180E9959004C840B /* PBXTargetDependency */ = {
			isa = PBXTargetDependency;
			name = "cocos2dx Mac";
			targetProxy = 1AC6FB15180E9959004C840B /* PBXContainerItemProxy */;
		};
		1AC6FB18180E9959004C840B /* PBXTargetDependency */ = {
			isa = PBXTargetDependency;
			name = "cocos2dx-extensions Mac";
			targetProxy = 1AC6FB17180E9959004C840B /* PBXContainerItemProxy */;
		};
		1AC6FB1A180E9959004C840B /* PBXTargetDependency */ = {
			isa = PBXTargetDependency;
			name = "chipmunk Mac";
			targetProxy = 1AC6FB19180E9959004C840B /* PBXContainerItemProxy */;
		};
		1AC6FB1C180E9959004C840B /* PBXTargetDependency */ = {
			isa = PBXTargetDependency;
			name = "CocosDenshion Mac";
			targetProxy = 1AC6FB1B180E9959004C840B /* PBXContainerItemProxy */;
		};
		1AC6FB1E180E9963004C840B /* PBXTargetDependency */ = {
			isa = PBXTargetDependency;
			name = "box2d Mac";
			targetProxy = 1AC6FB1D180E9963004C840B /* PBXContainerItemProxy */;
		};
		1AC6FB25180E99E1004C840B /* PBXTargetDependency */ = {
			isa = PBXTargetDependency;
			name = "cocos2dx iOS";
			targetProxy = 1AC6FB24180E99E1004C840B /* PBXContainerItemProxy */;
		};
		1AC6FB27180E99E1004C840B /* PBXTargetDependency */ = {
			isa = PBXTargetDependency;
			name = "cocos2dx-extensions iOS";
			targetProxy = 1AC6FB26180E99E1004C840B /* PBXContainerItemProxy */;
		};
		1AC6FB29180E99E1004C840B /* PBXTargetDependency */ = {
			isa = PBXTargetDependency;
			name = "chipmunk iOS";
			targetProxy = 1AC6FB28180E99E1004C840B /* PBXContainerItemProxy */;
		};
		1AC6FB2B180E99E1004C840B /* PBXTargetDependency */ = {
			isa = PBXTargetDependency;
			name = "box2d iOS";
			targetProxy = 1AC6FB2A180E99E1004C840B /* PBXContainerItemProxy */;
		};
		1AC6FB2D180E99E1004C840B /* PBXTargetDependency */ = {
			isa = PBXTargetDependency;
			name = "CocosDenshion iOS";
			targetProxy = 1AC6FB2C180E99E1004C840B /* PBXContainerItemProxy */;
		};
/* End PBXTargetDependency section */

/* Begin XCBuildConfiguration section */
		1D6058940D05DD3E006BFB54 /* Debug */ = {
			isa = XCBuildConfiguration;
			buildSettings = {
				ALWAYS_SEARCH_USER_PATHS = YES;
				CODE_SIGN_IDENTITY = "iPhone Developer";
				"CODE_SIGN_IDENTITY[sdk=iphoneos*]" = "iPhone Developer";
				COMPRESS_PNG_FILES = NO;
				GCC_DYNAMIC_NO_PIC = NO;
				GCC_INLINES_ARE_PRIVATE_EXTERN = NO;
				GCC_PRECOMPILE_PREFIX_HEADER = YES;
				GCC_PREFIX_HEADER = ios/Prefix.pch;
				GCC_PREPROCESSOR_DEFINITIONS = (
					USE_FILE32API,
					CC_TARGET_OS_IPHONE,
					"COCOS2D_DEBUG=1",
					"CC_ENABLE_CHIPMUNK_INTEGRATION=1",
				);
				GCC_SYMBOLS_PRIVATE_EXTERN = NO;
				HEADER_SEARCH_PATHS = (
					"$(inherited)",
					"$(SRCROOT)/../cocos2d/cocos/platform/ios",
					"$(SRCROOT)/../cocos2d/cocos/platform/ios/Simulation",
				);
				INFOPLIST_FILE = ios/Info.plist;
				IPHONEOS_DEPLOYMENT_TARGET = 5.0;
				LIBRARY_SEARCH_PATHS = (
					/Users/Vodalok/Parallelformosa/libpomelo,
					/Users/Vodalok/Parallelformosa/Parallelformosa_Cocos2dx/cocos2d/external/sqlite3/libraries/win32,
					"/Users/Vodalok/Parallelformosa/libpomelo/build/Default-iphoneos",
					"/Users/Vodalok/Parallelformosa/libpomelo/deps/jansson/build/Default-iphoneos",
					"/Users/Vodalok/Parallelformosa/libpomelo/deps/uv/build/Default-iphoneos",
					"/Users/Vodalok/Parallelformosa/Parallelformosa_Cocos2dx/libpomelo/build/Default-iphoneos",
					"/Users/Vodalok/Parallelformosa/Parallelformosa_Cocos2dx/libpomelo/deps/jansson/build/Default-iphoneos",
					"/Users/Vodalok/Parallelformosa/Parallelformosa_Cocos2dx/libpomelo/deps/uv/build/Default-iphoneos",
				);
				PROVISIONING_PROFILE = "";
				SDKROOT = iphoneos;
				TARGETED_DEVICE_FAMILY = "1,2";
				USER_HEADER_SEARCH_PATHS = "";
			};
			name = Debug;
		};
		1D6058950D05DD3E006BFB54 /* Release */ = {
			isa = XCBuildConfiguration;
			buildSettings = {
				ALWAYS_SEARCH_USER_PATHS = YES;
				CODE_SIGN_IDENTITY = "iPhone Developer";
				"CODE_SIGN_IDENTITY[sdk=iphoneos*]" = "iPhone Developer";
				COMPRESS_PNG_FILES = NO;
				GCC_INLINES_ARE_PRIVATE_EXTERN = NO;
				GCC_PRECOMPILE_PREFIX_HEADER = YES;
				GCC_PREFIX_HEADER = ios/Prefix.pch;
				GCC_PREPROCESSOR_DEFINITIONS = (
					USE_FILE32API,
					CC_TARGET_OS_IPHONE,
					"CC_ENABLE_CHIPMUNK_INTEGRATION=1",
				);
				GCC_SYMBOLS_PRIVATE_EXTERN = NO;
				HEADER_SEARCH_PATHS = (
					"$(inherited)",
					"$(SRCROOT)/../cocos2d/cocos/platform/ios",
					"$(SRCROOT)/../cocos2d/cocos/platform/ios/Simulation",
				);
				INFOPLIST_FILE = ios/Info.plist;
				IPHONEOS_DEPLOYMENT_TARGET = 5.0;
				LIBRARY_SEARCH_PATHS = (
					/Users/Vodalok/Parallelformosa/libpomelo,
					/Users/Vodalok/Parallelformosa/Parallelformosa_Cocos2dx/cocos2d/external/sqlite3/libraries/win32,
					"/Users/Vodalok/Parallelformosa/libpomelo/build/Default-iphoneos",
					"/Users/Vodalok/Parallelformosa/libpomelo/deps/jansson/build/Default-iphoneos",
					"/Users/Vodalok/Parallelformosa/libpomelo/deps/uv/build/Default-iphoneos",
					"/Users/Vodalok/Parallelformosa/Parallelformosa_Cocos2dx/libpomelo/build/Default-iphoneos",
					"/Users/Vodalok/Parallelformosa/Parallelformosa_Cocos2dx/libpomelo/deps/jansson/build/Default-iphoneos",
					"/Users/Vodalok/Parallelformosa/Parallelformosa_Cocos2dx/libpomelo/deps/uv/build/Default-iphoneos",
				);
				PROVISIONING_PROFILE = "";
				SDKROOT = iphoneos;
				TARGETED_DEVICE_FAMILY = "1,2";
				USER_HEADER_SEARCH_PATHS = "";
			};
			name = Release;
		};
		5087E76D17EB910900C73F5D /* Debug */ = {
			isa = XCBuildConfiguration;
			buildSettings = {
				ALWAYS_SEARCH_USER_PATHS = YES;
				ARCHS = "$(ARCHS_STANDARD_64_BIT)";
				CLANG_CXX_LANGUAGE_STANDARD = "c++0x";
				CLANG_CXX_LIBRARY = "libc++";
				GCC_DYNAMIC_NO_PIC = NO;
				GCC_INLINES_ARE_PRIVATE_EXTERN = NO;
				GCC_PRECOMPILE_PREFIX_HEADER = YES;
				GCC_PREFIX_HEADER = mac/Prefix.pch;
				GCC_PREPROCESSOR_DEFINITIONS = (
					USE_FILE32API,
					CC_TARGET_OS_MAC,
					"COCOS2D_DEBUG=1",
					"CC_ENABLE_CHIPMUNK_INTEGRATION=1",
				);
				GCC_SYMBOLS_PRIVATE_EXTERN = NO;
				HEADER_SEARCH_PATHS = (
					"$(inherited)",
					"$(SRCROOT)/../cocos2d/cocos/platform/mac",
					"$(SRCROOT)/../cocos2d/external/glfw3/include/mac",
				);
				INFOPLIST_FILE = mac/Info.plist;
				LIBRARY_SEARCH_PATHS = "";
				USER_HEADER_SEARCH_PATHS = "";
			};
			name = Debug;
		};
		5087E76E17EB910900C73F5D /* Release */ = {
			isa = XCBuildConfiguration;
			buildSettings = {
				ALWAYS_SEARCH_USER_PATHS = YES;
				ARCHS = "$(ARCHS_STANDARD_64_BIT)";
				CLANG_CXX_LANGUAGE_STANDARD = "c++0x";
				CLANG_CXX_LIBRARY = "libc++";
				GCC_INLINES_ARE_PRIVATE_EXTERN = NO;
				GCC_PRECOMPILE_PREFIX_HEADER = YES;
				GCC_PREFIX_HEADER = mac/Prefix.pch;
				GCC_PREPROCESSOR_DEFINITIONS = (
					USE_FILE32API,
					CC_TARGET_OS_MAC,
					"CC_ENABLE_CHIPMUNK_INTEGRATION=1",
				);
				GCC_SYMBOLS_PRIVATE_EXTERN = NO;
				HEADER_SEARCH_PATHS = (
					"$(inherited)",
					"$(SRCROOT)/../cocos2d/cocos/platform/mac",
					"$(SRCROOT)/../cocos2d/external/glfw3/include/mac",
				);
				INFOPLIST_FILE = mac/Info.plist;
				LIBRARY_SEARCH_PATHS = "";
				USER_HEADER_SEARCH_PATHS = "";
			};
			name = Release;
		};
		C01FCF4F08A954540054247B /* Debug */ = {
			isa = XCBuildConfiguration;
			buildSettings = {
				CLANG_CXX_LANGUAGE_STANDARD = "c++0x";
				CLANG_CXX_LIBRARY = "libc++";
				COPY_PHASE_STRIP = NO;
				GCC_OPTIMIZATION_LEVEL = 0;
				GCC_WARN_ABOUT_RETURN_TYPE = YES;
				GCC_WARN_UNUSED_VARIABLE = YES;
				HEADER_SEARCH_PATHS = (
					"$(SRCROOT)/../cocos2d",
					"$(SRCROOT)/../cocos2d/cocos",
					"$(SRCROOT)/../cocos2d/cocos/base",
					"$(SRCROOT)/../cocos2d/cocos/physics",
					"$(SRCROOT)/../cocos2d/cocos/math",
					"$(SRCROOT)/../cocos2d/cocos/2d",
					"$(SRCROOT)/../cocos2d/cocos/ui",
					"$(SRCROOT)/../cocos2d/cocos/network",
					"$(SRCROOT)/../cocos2d/cocos/audio/include",
					"$(SRCROOT)/../cocos2d/cocos/editor-support",
					"$(SRCROOT)/../cocos2d/extensions",
					"$(SRCROOT)/../cocos2d/external",
					"$(SRCROOT)/../cocos2d/external/chipmunk/include/chipmunk",
					"$(SRCROOT)/../libpomelo/deps/uv/include",
					"$(SRCROOT)/../libpomelo/deps/jansson/src",
					"$(SRCROOT)/../libpomelo/include",
				);
				LIBRARY_SEARCH_PATHS = "~/Parallelformosa/Parallelformosa_Cocos2dx/libpomelo";
				MACOSX_DEPLOYMENT_TARGET = 10.7;
				ONLY_ACTIVE_ARCH = YES;
				PRODUCT_NAME = "$(TARGET_NAME)";
				SDKROOT = macosx;
				USER_HEADER_SEARCH_PATHS = "~/Parallelformosa/Parallelformosa_Cocos2dx/libpomelo/deps/jansson/src ~/Parallelformosa/Parallelformosa_Cocos2dx/libpomelo/deps/uv/include ~/Parallelformosa/Parallelformosa_Cocos2dx/libpomelo/include";
			};
			name = Debug;
		};
		C01FCF5008A954540054247B /* Release */ = {
			isa = XCBuildConfiguration;
			buildSettings = {
				CLANG_CXX_LANGUAGE_STANDARD = "c++0x";
				CLANG_CXX_LIBRARY = "libc++";
				GCC_WARN_ABOUT_RETURN_TYPE = YES;
				GCC_WARN_UNUSED_VARIABLE = YES;
				HEADER_SEARCH_PATHS = (
					"$(SRCROOT)/../cocos2d",
					"$(SRCROOT)/../cocos2d/cocos",
					"$(SRCROOT)/../cocos2d/cocos/base",
					"$(SRCROOT)/../cocos2d/cocos/physics",
					"$(SRCROOT)/../cocos2d/cocos/math",
					"$(SRCROOT)/../cocos2d/cocos/2d",
					"$(SRCROOT)/../cocos2d/cocos/ui",
					"$(SRCROOT)/../cocos2d/cocos/network",
					"$(SRCROOT)/../cocos2d/cocos/audio/include",
					"$(SRCROOT)/../cocos2d/cocos/editor-support",
					"$(SRCROOT)/../cocos2d/extensions",
					"$(SRCROOT)/../cocos2d/external",
					"$(SRCROOT)/../cocos2d/external/chipmunk/include/chipmunk",
					"$(SRCROOT)/../libpomelo/deps/uv/include",
					"$(SRCROOT)/../libpomelo/deps/jansson/src",
					"$(SRCROOT)/../libpomelo/include",
				);
				LIBRARY_SEARCH_PATHS = "~/Parallelformosa/Parallelformosa_Cocos2dx/libpomelo";
				MACOSX_DEPLOYMENT_TARGET = 10.7;
				OTHER_CFLAGS = "-DNS_BLOCK_ASSERTIONS=1";
				PRODUCT_NAME = "$(TARGET_NAME)";
				SDKROOT = macosx;
				USER_HEADER_SEARCH_PATHS = "~/Parallelformosa/Parallelformosa_Cocos2dx/libpomelo/deps/jansson/src ~/Parallelformosa/Parallelformosa_Cocos2dx/libpomelo/deps/uv/include ~/Parallelformosa/Parallelformosa_Cocos2dx/libpomelo/include";
				VALIDATE_PRODUCT = YES;
			};
			name = Release;
		};
/* End XCBuildConfiguration section */

/* Begin XCConfigurationList section */
		1D6058960D05DD3E006BFB54 /* Build configuration list for PBXNativeTarget "Parallelformosa_Cocos2dx iOS" */ = {
			isa = XCConfigurationList;
			buildConfigurations = (
				1D6058940D05DD3E006BFB54 /* Debug */,
				1D6058950D05DD3E006BFB54 /* Release */,
			);
			defaultConfigurationIsVisible = 0;
			defaultConfigurationName = Debug;
		};
		5087E76C17EB910900C73F5D /* Build configuration list for PBXNativeTarget "Parallelformosa_Cocos2dx Mac" */ = {
			isa = XCConfigurationList;
			buildConfigurations = (
				5087E76D17EB910900C73F5D /* Debug */,
				5087E76E17EB910900C73F5D /* Release */,
			);
			defaultConfigurationIsVisible = 0;
			defaultConfigurationName = Debug;
		};
		C01FCF4E08A954540054247B /* Build configuration list for PBXProject "Parallelformosa_Cocos2dx" */ = {
			isa = XCConfigurationList;
			buildConfigurations = (
				C01FCF4F08A954540054247B /* Debug */,
				C01FCF5008A954540054247B /* Release */,
			);
			defaultConfigurationIsVisible = 0;
			defaultConfigurationName = Debug;
		};
/* End XCConfigurationList section */
	};
	rootObject = 29B97313FDCFA39411CA2CEA /* Project object */;
}
